// !$*UTF8*$!
{
	archiveVersion = 1;
	classes = {
	};
	objectVersion = 48;
	objects = {

/* Begin PBXBuildFile section */
		4DB447EF78B05BE6756A1533 /* Pods_Partybox.framework in Frameworks */ = {isa = PBXBuildFile; fileRef = A77681979AF3A60830BDC604 /* Pods_Partybox.framework */; };
		AA0F9CA0205CBE87005EF3EB /* Countdown.swift in Sources */ = {isa = PBXBuildFile; fileRef = AA0F9C9F205CBE87005EF3EB /* Countdown.swift */; };
		AA1CEE8720BB4416008AE617 /* Session.swift in Sources */ = {isa = PBXBuildFile; fileRef = AA1CEE8620BB4416008AE617 /* Session.swift */; };
		AA1CEE8920BB4820008AE617 /* SessionKey.swift in Sources */ = {isa = PBXBuildFile; fileRef = AA1CEE8820BB4820008AE617 /* SessionKey.swift */; };
		AA1CEE8B20BB4B17008AE617 /* PartyDataSource.swift in Sources */ = {isa = PBXBuildFile; fileRef = AA1CEE8A20BB4B17008AE617 /* PartyDataSource.swift */; };
		AA1CEE8E20BB54A5008AE617 /* WannabeManual.swift in Sources */ = {isa = PBXBuildFile; fileRef = AA1CEE8D20BB54A5008AE617 /* WannabeManual.swift */; };
		AA1CEE9020BB54FC008AE617 /* WannabeManualKey.swift in Sources */ = {isa = PBXBuildFile; fileRef = AA1CEE8F20BB54FC008AE617 /* WannabeManualKey.swift */; };
		AA1CEE9220BB59BB008AE617 /* WannabeDataSource.swift in Sources */ = {isa = PBXBuildFile; fileRef = AA1CEE9120BB59BB008AE617 /* WannabeDataSource.swift */; };
		AA1CEE9A20BBD074008AE617 /* ChangeGameView.swift in Sources */ = {isa = PBXBuildFile; fileRef = AA1CEE9920BBD074008AE617 /* ChangeGameView.swift */; };
		AA1CEE9C20BBD07E008AE617 /* ChangeGameViewController.swift in Sources */ = {isa = PBXBuildFile; fileRef = AA1CEE9B20BBD07E008AE617 /* ChangeGameViewController.swift */; };
		AA1CEE9E20BBD0ED008AE617 /* ChangeGameViewDelegate.swift in Sources */ = {isa = PBXBuildFile; fileRef = AA1CEE9D20BBD0ED008AE617 /* ChangeGameViewDelegate.swift */; };
		AA1CEEA020BBD1AA008AE617 /* ChangeGameViewDataSource.swift in Sources */ = {isa = PBXBuildFile; fileRef = AA1CEE9F20BBD1AA008AE617 /* ChangeGameViewDataSource.swift */; };
		AA1CEEA220BBD2DF008AE617 /* ChangeGameViewCellRow.swift in Sources */ = {isa = PBXBuildFile; fileRef = AA1CEEA120BBD2DF008AE617 /* ChangeGameViewCellRow.swift */; };
		AA1CEEA420BBD578008AE617 /* ChangeGameViewControllerDelegate.swift in Sources */ = {isa = PBXBuildFile; fileRef = AA1CEEA320BBD578008AE617 /* ChangeGameViewControllerDelegate.swift */; };
		AA2A87A120969FC1009C55BF /* PartyDetails.swift in Sources */ = {isa = PBXBuildFile; fileRef = AA2A87A020969FC1009C55BF /* PartyDetails.swift */; };
		AA2A87A9209A95A3009C55BF /* PartyView.swift in Sources */ = {isa = PBXBuildFile; fileRef = AA2A87A8209A95A2009C55BF /* PartyView.swift */; };
		AA2A87AB209A95AE009C55BF /* PartyViewController.swift in Sources */ = {isa = PBXBuildFile; fileRef = AA2A87AA209A95AD009C55BF /* PartyViewController.swift */; };
		AA2A87AE209A9766009C55BF /* InviteCodeTableViewCell.swift in Sources */ = {isa = PBXBuildFile; fileRef = AA2A87AD209A9766009C55BF /* InviteCodeTableViewCell.swift */; };
		AA2A87B0209A9A69009C55BF /* HeaderTableViewCell.swift in Sources */ = {isa = PBXBuildFile; fileRef = AA2A87AF209A9A69009C55BF /* HeaderTableViewCell.swift */; };
		AA2A87B2209A9B7E009C55BF /* GameTableViewCell.swift in Sources */ = {isa = PBXBuildFile; fileRef = AA2A87B1209A9B7E009C55BF /* GameTableViewCell.swift */; };
		AA2A87B4209AB52C009C55BF /* PersonTableViewCell.swift in Sources */ = {isa = PBXBuildFile; fileRef = AA2A87B3209AB52C009C55BF /* PersonTableViewCell.swift */; };
		AA2A87B9209C1166009C55BF /* PartyPeople.swift in Sources */ = {isa = PBXBuildFile; fileRef = AA2A87B8209C1166009C55BF /* PartyPeople.swift */; };
		AA2A87BB209D825D009C55BF /* WannabePeople.swift in Sources */ = {isa = PBXBuildFile; fileRef = AA2A87BA209D825D009C55BF /* WannabePeople.swift */; };
		AA2A87BD209D8781009C55BF /* WannabePack.swift in Sources */ = {isa = PBXBuildFile; fileRef = AA2A87BC209D8781009C55BF /* WannabePack.swift */; };
		AA590FFA1FC26FBB008988E9 /* Wannabe.swift in Sources */ = {isa = PBXBuildFile; fileRef = AA590FF91FC26FBB008988E9 /* Wannabe.swift */; };
		AA5E89E420A13ADE00FE8960 /* UserKey.swift in Sources */ = {isa = PBXBuildFile; fileRef = AA5E89E320A13ADE00FE8960 /* UserKey.swift */; };
		AA5E89E920A13C0C00FE8960 /* PartyDetailsKey.swift in Sources */ = {isa = PBXBuildFile; fileRef = AA5E89E820A13C0C00FE8960 /* PartyDetailsKey.swift */; };
		AA5E89EB20A13C3A00FE8960 /* PartyDetailsNotification.swift in Sources */ = {isa = PBXBuildFile; fileRef = AA5E89EA20A13C3A00FE8960 /* PartyDetailsNotification.swift */; };
		AA5E89ED20A13C5B00FE8960 /* PartyDetailsDataSource.swift in Sources */ = {isa = PBXBuildFile; fileRef = AA5E89EC20A13C5B00FE8960 /* PartyDetailsDataSource.swift */; };
		AA5E89EF20A13D3800FE8960 /* PartyKey.swift in Sources */ = {isa = PBXBuildFile; fileRef = AA5E89EE20A13D3800FE8960 /* PartyKey.swift */; };
		AA5E89F220A13F7300FE8960 /* PartyPeopleKey.swift in Sources */ = {isa = PBXBuildFile; fileRef = AA5E89F120A13F7300FE8960 /* PartyPeopleKey.swift */; };
		AA5E89F420A13F9700FE8960 /* PartyPeopleNotification.swift in Sources */ = {isa = PBXBuildFile; fileRef = AA5E89F320A13F9700FE8960 /* PartyPeopleNotification.swift */; };
		AA5E89F620A1401000FE8960 /* PartyPeopleDataSource.swift in Sources */ = {isa = PBXBuildFile; fileRef = AA5E89F520A1401000FE8960 /* PartyPeopleDataSource.swift */; };
		AA5E89F820A141BE00FE8960 /* PartyPersonKey.swift in Sources */ = {isa = PBXBuildFile; fileRef = AA5E89F720A141BE00FE8960 /* PartyPersonKey.swift */; };
		AA5E89FF20A1470D00FE8960 /* WannabeKey.swift in Sources */ = {isa = PBXBuildFile; fileRef = AA5E89FE20A1470D00FE8960 /* WannabeKey.swift */; };
		AA5E8A0C20A15E0700FE8960 /* WannabeDetailsKey.swift in Sources */ = {isa = PBXBuildFile; fileRef = AA5E8A0B20A15E0700FE8960 /* WannabeDetailsKey.swift */; };
		AA5E8A0E20A15E2900FE8960 /* WannabeDetailsNotification.swift in Sources */ = {isa = PBXBuildFile; fileRef = AA5E8A0D20A15E2900FE8960 /* WannabeDetailsNotification.swift */; };
		AA5E8A1020A15E5400FE8960 /* WannabeDetailsStatus.swift in Sources */ = {isa = PBXBuildFile; fileRef = AA5E8A0F20A15E5400FE8960 /* WannabeDetailsStatus.swift */; };
		AA5E8A1220A15E5F00FE8960 /* WannabeDetailsRounds.swift in Sources */ = {isa = PBXBuildFile; fileRef = AA5E8A1120A15E5F00FE8960 /* WannabeDetailsRounds.swift */; };
		AA5E8A1420A15F8500FE8960 /* WannabeDetailsDataSource.swift in Sources */ = {isa = PBXBuildFile; fileRef = AA5E8A1320A15F8500FE8960 /* WannabeDetailsDataSource.swift */; };
		AA5E8A1620A1615500FE8960 /* WannabePeopleKey.swift in Sources */ = {isa = PBXBuildFile; fileRef = AA5E8A1520A1615500FE8960 /* WannabePeopleKey.swift */; };
		AA5E8A1820A1617500FE8960 /* WannabePeopleNotification.swift in Sources */ = {isa = PBXBuildFile; fileRef = AA5E8A1720A1617500FE8960 /* WannabePeopleNotification.swift */; };
		AA5E8A1A20A1618E00FE8960 /* WannabePeopleDataSource.swift in Sources */ = {isa = PBXBuildFile; fileRef = AA5E8A1920A1618E00FE8960 /* WannabePeopleDataSource.swift */; };
		AA5E8A1D20A2B60A00FE8960 /* OrderedSet.swift in Sources */ = {isa = PBXBuildFile; fileRef = AA5E8A1C20A2B60A00FE8960 /* OrderedSet.swift */; };
		AA5E8A1F20A5321300FE8960 /* WannabePersonKey.swift in Sources */ = {isa = PBXBuildFile; fileRef = AA5E8A1E20A5321300FE8960 /* WannabePersonKey.swift */; };
		AA5E8A2120A5347D00FE8960 /* WannabeCardKey.swift in Sources */ = {isa = PBXBuildFile; fileRef = AA5E8A2020A5347D00FE8960 /* WannabeCardKey.swift */; };
		AA5E8A2A20A5395300FE8960 /* WannabePackKey.swift in Sources */ = {isa = PBXBuildFile; fileRef = AA5E8A2920A5395300FE8960 /* WannabePackKey.swift */; };
		AA5E8A2C20A53BB400FE8960 /* WannabePackDataSource.swift in Sources */ = {isa = PBXBuildFile; fileRef = AA5E8A2B20A53BB400FE8960 /* WannabePackDataSource.swift */; };
		AA5E8A3020A7CDC500FE8960 /* MenuViewDelegate.swift in Sources */ = {isa = PBXBuildFile; fileRef = AA5E8A2F20A7CDC500FE8960 /* MenuViewDelegate.swift */; };
		AA5E8A3220A7E2E600FE8960 /* StartPartyViewDelegate.swift in Sources */ = {isa = PBXBuildFile; fileRef = AA5E8A3120A7E2E600FE8960 /* StartPartyViewDelegate.swift */; };
		AA5E8A3420A7E3BC00FE8960 /* JoinPartyViewDelegate.swift in Sources */ = {isa = PBXBuildFile; fileRef = AA5E8A3320A7E3BC00FE8960 /* JoinPartyViewDelegate.swift */; };
		AA5E8A3620A7EC2000FE8960 /* PartyViewDelegate.swift in Sources */ = {isa = PBXBuildFile; fileRef = AA5E8A3520A7EC2000FE8960 /* PartyViewDelegate.swift */; };
		AA5E8A3820A7ED0C00FE8960 /* PartyViewDataSource.swift in Sources */ = {isa = PBXBuildFile; fileRef = AA5E8A3720A7ED0C00FE8960 /* PartyViewDataSource.swift */; };
		AA5E8A3B20A80EB400FE8960 /* GameTableViewCellDelegate.swift in Sources */ = {isa = PBXBuildFile; fileRef = AA5E8A3A20A80EB400FE8960 /* GameTableViewCellDelegate.swift */; };
		AA5E8A4020A8150B00FE8960 /* PartyViewControllerDelegate.swift in Sources */ = {isa = PBXBuildFile; fileRef = AA5E8A3F20A8150B00FE8960 /* PartyViewControllerDelegate.swift */; };
		AA5E8A4220A8BE4700FE8960 /* PartyDetailsStatus.swift in Sources */ = {isa = PBXBuildFile; fileRef = AA5E8A4120A8BE4700FE8960 /* PartyDetailsStatus.swift */; };
		AA5E8A4420A8C6B000FE8960 /* PartyViewCellRow.swift in Sources */ = {isa = PBXBuildFile; fileRef = AA5E8A4320A8C6B000FE8960 /* PartyViewCellRow.swift */; };
		AA5E8A4920A8CF2500FE8960 /* ManagePartyView.swift in Sources */ = {isa = PBXBuildFile; fileRef = AA5E8A4720A8CF2500FE8960 /* ManagePartyView.swift */; };
		AA5E8A4C20A8CF2E00FE8960 /* ManagePartyViewController.swift in Sources */ = {isa = PBXBuildFile; fileRef = AA5E8A4B20A8CF2E00FE8960 /* ManagePartyViewController.swift */; };
		AA5E8A4E20A8EEDA00FE8960 /* ManagePartyViewDelegate.swift in Sources */ = {isa = PBXBuildFile; fileRef = AA5E8A4D20A8EEDA00FE8960 /* ManagePartyViewDelegate.swift */; };
		AA5E8A5020A9010500FE8960 /* ManagePartyViewDataSource.swift in Sources */ = {isa = PBXBuildFile; fileRef = AA5E8A4F20A9010500FE8960 /* ManagePartyViewDataSource.swift */; };
		AA5E8A5420A90D6800FE8960 /* ChangeHostView.swift in Sources */ = {isa = PBXBuildFile; fileRef = AA5E8A5320A90D6800FE8960 /* ChangeHostView.swift */; };
		AA5E8A5620A90D7100FE8960 /* ChangeHostViewController.swift in Sources */ = {isa = PBXBuildFile; fileRef = AA5E8A5520A90D7100FE8960 /* ChangeHostViewController.swift */; };
		AA5E8A5A20A9121100FE8960 /* ChangeHostViewControllerDelegate.swift in Sources */ = {isa = PBXBuildFile; fileRef = AA5E8A5920A9121100FE8960 /* ChangeHostViewControllerDelegate.swift */; };
		AA5E8A5C20A912E900FE8960 /* ChangeHostViewDelegate.swift in Sources */ = {isa = PBXBuildFile; fileRef = AA5E8A5B20A912E900FE8960 /* ChangeHostViewDelegate.swift */; };
		AA5E8A5E20A9130E00FE8960 /* ChangeHostViewCellRow.swift in Sources */ = {isa = PBXBuildFile; fileRef = AA5E8A5D20A9130E00FE8960 /* ChangeHostViewCellRow.swift */; };
		AA5E8A6020A9159800FE8960 /* ChangeHostViewDataSource.swift in Sources */ = {isa = PBXBuildFile; fileRef = AA5E8A5F20A9159800FE8960 /* ChangeHostViewDataSource.swift */; };
		AA5E8A6320A9167A00FE8960 /* PromptTableViewCell.swift in Sources */ = {isa = PBXBuildFile; fileRef = AA5E8A6220A9167A00FE8960 /* PromptTableViewCell.swift */; };
		AA5E8A6620A9172C00FE8960 /* SelectableTableViewCell.swift in Sources */ = {isa = PBXBuildFile; fileRef = AA5E8A6520A9172B00FE8960 /* SelectableTableViewCell.swift */; };
		AA5E8A6820A9177200FE8960 /* SelectableView.swift in Sources */ = {isa = PBXBuildFile; fileRef = AA5E8A6720A9177100FE8960 /* SelectableView.swift */; };
		AA5E8A6A20A91D0D00FE8960 /* ManagePartyViewControllerDelegate.swift in Sources */ = {isa = PBXBuildFile; fileRef = AA5E8A6920A91D0D00FE8960 /* ManagePartyViewControllerDelegate.swift */; };
		AA6706C31F89D9F5000BF5F5 /* Party.swift in Sources */ = {isa = PBXBuildFile; fileRef = AA6706C21F89D9F5000BF5F5 /* Party.swift */; };
		AA69F9C420AD089100A91E3E /* Partybox.swift in Sources */ = {isa = PBXBuildFile; fileRef = AA69F9C320AD089100A91E3E /* Partybox.swift */; };
		AACD97451FE6F8D1000275CB /* WannabeCard.swift in Sources */ = {isa = PBXBuildFile; fileRef = AACD97441FE6F8D1000275CB /* WannabeCard.swift */; };
		AADD9C82205508DB00CA5AC8 /* Alert.swift in Sources */ = {isa = PBXBuildFile; fileRef = AADD9C81205508DB00CA5AC8 /* Alert.swift */; };
		AAE75B471F809FA9001D4E13 /* AppDelegate.swift in Sources */ = {isa = PBXBuildFile; fileRef = AAE75B461F809FA9001D4E13 /* AppDelegate.swift */; };
		AAE75B4E1F809FA9001D4E13 /* Assets.xcassets in Resources */ = {isa = PBXBuildFile; fileRef = AAE75B4D1F809FA9001D4E13 /* Assets.xcassets */; };
		AAE75B511F809FA9001D4E13 /* Launch.storyboard in Resources */ = {isa = PBXBuildFile; fileRef = AAE75B4F1F809FA9001D4E13 /* Launch.storyboard */; };
		AAE75B631F80ACCB001D4E13 /* GoogleService-Info.plist in Resources */ = {isa = PBXBuildFile; fileRef = AAE75B621F80AC76001D4E13 /* GoogleService-Info.plist */; };
		AAF6D7F71FDC8D4700014CA0 /* PartyPerson.swift in Sources */ = {isa = PBXBuildFile; fileRef = AAF6D7F61FDC8D4700014CA0 /* PartyPerson.swift */; };
		AAF6D7F91FDC907600014CA0 /* WannabePerson.swift in Sources */ = {isa = PBXBuildFile; fileRef = AAF6D7F81FDC907600014CA0 /* WannabePerson.swift */; };
		AAF6D8071FDCD7E700014CA0 /* WannabeDetails.swift in Sources */ = {isa = PBXBuildFile; fileRef = AAF6D8061FDCD7E700014CA0 /* WannabeDetails.swift */; };
		AAF8128820923CF20010FFB1 /* MenuView.swift in Sources */ = {isa = PBXBuildFile; fileRef = AAF8128720923CF10010FFB1 /* MenuView.swift */; };
		AAF8128A20923CF90010FFB1 /* MenuViewController.swift in Sources */ = {isa = PBXBuildFile; fileRef = AAF8128920923CF90010FFB1 /* MenuViewController.swift */; };
		AAF8128D20923E370010FFB1 /* UIViewController+Extension.swift in Sources */ = {isa = PBXBuildFile; fileRef = AAF8128C20923E370010FFB1 /* UIViewController+Extension.swift */; };
		AAF812932092406E0010FFB1 /* UIButton+Extension.swift in Sources */ = {isa = PBXBuildFile; fileRef = AAF812922092406E0010FFB1 /* UIButton+Extension.swift */; };
		AAF81297209241550010FFB1 /* AlertView.swift in Sources */ = {isa = PBXBuildFile; fileRef = AAF81296209241550010FFB1 /* AlertView.swift */; };
		AAF812992092415C0010FFB1 /* AlertViewController.swift in Sources */ = {isa = PBXBuildFile; fileRef = AAF812982092415C0010FFB1 /* AlertViewController.swift */; };
		AAF8129D20924EB80010FFB1 /* ActivityIndicatorButton.swift in Sources */ = {isa = PBXBuildFile; fileRef = AAF8129C20924EB80010FFB1 /* ActivityIndicatorButton.swift */; };
		AAF812A32092552D0010FFB1 /* ShapeView.swift in Sources */ = {isa = PBXBuildFile; fileRef = AAF8129F2092552D0010FFB1 /* ShapeView.swift */; };
		AAF812A42092552D0010FFB1 /* CircleView.swift in Sources */ = {isa = PBXBuildFile; fileRef = AAF812A02092552D0010FFB1 /* CircleView.swift */; };
		AAF812A52092552D0010FFB1 /* TriangleView.swift in Sources */ = {isa = PBXBuildFile; fileRef = AAF812A12092552D0010FFB1 /* TriangleView.swift */; };
		AAF812A62092552D0010FFB1 /* SquareView.swift in Sources */ = {isa = PBXBuildFile; fileRef = AAF812A22092552D0010FFB1 /* SquareView.swift */; };
		AAF812AA2092A6F70010FFB1 /* StartPartyViewController.swift in Sources */ = {isa = PBXBuildFile; fileRef = AAF812A92092A6F70010FFB1 /* StartPartyViewController.swift */; };
		AAF812AD2092A7020010FFB1 /* StartPartyView.swift in Sources */ = {isa = PBXBuildFile; fileRef = AAF812AB2092A7010010FFB1 /* StartPartyView.swift */; };
		AAF812B22092B18B0010FFB1 /* JoinPartyViewController.swift in Sources */ = {isa = PBXBuildFile; fileRef = AAF812B12092B18B0010FFB1 /* JoinPartyViewController.swift */; };
		AAF812B52092B1930010FFB1 /* JoinPartyView.swift in Sources */ = {isa = PBXBuildFile; fileRef = AAF812B32092B1920010FFB1 /* JoinPartyView.swift */; };
		AAFFBDDA2038989D00269AB4 /* User.swift in Sources */ = {isa = PBXBuildFile; fileRef = AAFFBDD92038989D00269AB4 /* User.swift */; };
/* End PBXBuildFile section */

/* Begin PBXFileReference section */
		05CC40299A0BDBF35F2F54B1 /* Pods-Partybox.debug.xcconfig */ = {isa = PBXFileReference; includeInIndex = 1; lastKnownFileType = text.xcconfig; name = "Pods-Partybox.debug.xcconfig"; path = "Pods/Target Support Files/Pods-Partybox/Pods-Partybox.debug.xcconfig"; sourceTree = "<group>"; };
		A77681979AF3A60830BDC604 /* Pods_Partybox.framework */ = {isa = PBXFileReference; explicitFileType = wrapper.framework; includeInIndex = 0; path = Pods_Partybox.framework; sourceTree = BUILT_PRODUCTS_DIR; };
		AA0F9C9F205CBE87005EF3EB /* Countdown.swift */ = {isa = PBXFileReference; lastKnownFileType = sourcecode.swift; path = Countdown.swift; sourceTree = "<group>"; };
		AA1CEE8620BB4416008AE617 /* Session.swift */ = {isa = PBXFileReference; lastKnownFileType = sourcecode.swift; name = Session.swift; path = ../Session.swift; sourceTree = "<group>"; };
		AA1CEE8820BB4820008AE617 /* SessionKey.swift */ = {isa = PBXFileReference; lastKnownFileType = sourcecode.swift; name = SessionKey.swift; path = Partybox/Models/Session/SessionKey.swift; sourceTree = SOURCE_ROOT; };
		AA1CEE8A20BB4B17008AE617 /* PartyDataSource.swift */ = {isa = PBXFileReference; lastKnownFileType = sourcecode.swift; path = PartyDataSource.swift; sourceTree = "<group>"; };
		AA1CEE8D20BB54A5008AE617 /* WannabeManual.swift */ = {isa = PBXFileReference; lastKnownFileType = sourcecode.swift; path = WannabeManual.swift; sourceTree = "<group>"; };
		AA1CEE8F20BB54FC008AE617 /* WannabeManualKey.swift */ = {isa = PBXFileReference; lastKnownFileType = sourcecode.swift; path = WannabeManualKey.swift; sourceTree = "<group>"; };
		AA1CEE9120BB59BB008AE617 /* WannabeDataSource.swift */ = {isa = PBXFileReference; lastKnownFileType = sourcecode.swift; path = WannabeDataSource.swift; sourceTree = "<group>"; };
		AA1CEE9920BBD074008AE617 /* ChangeGameView.swift */ = {isa = PBXFileReference; fileEncoding = 4; lastKnownFileType = sourcecode.swift; path = ChangeGameView.swift; sourceTree = "<group>"; };
		AA1CEE9B20BBD07E008AE617 /* ChangeGameViewController.swift */ = {isa = PBXFileReference; fileEncoding = 4; lastKnownFileType = sourcecode.swift; path = ChangeGameViewController.swift; sourceTree = "<group>"; };
		AA1CEE9D20BBD0ED008AE617 /* ChangeGameViewDelegate.swift */ = {isa = PBXFileReference; lastKnownFileType = sourcecode.swift; path = ChangeGameViewDelegate.swift; sourceTree = "<group>"; };
		AA1CEE9F20BBD1AA008AE617 /* ChangeGameViewDataSource.swift */ = {isa = PBXFileReference; lastKnownFileType = sourcecode.swift; path = ChangeGameViewDataSource.swift; sourceTree = "<group>"; };
		AA1CEEA120BBD2DF008AE617 /* ChangeGameViewCellRow.swift */ = {isa = PBXFileReference; lastKnownFileType = sourcecode.swift; path = ChangeGameViewCellRow.swift; sourceTree = "<group>"; };
		AA1CEEA320BBD578008AE617 /* ChangeGameViewControllerDelegate.swift */ = {isa = PBXFileReference; lastKnownFileType = sourcecode.swift; path = ChangeGameViewControllerDelegate.swift; sourceTree = "<group>"; };
		AA2A87A020969FC1009C55BF /* PartyDetails.swift */ = {isa = PBXFileReference; fileEncoding = 4; lastKnownFileType = sourcecode.swift; path = PartyDetails.swift; sourceTree = "<group>"; };
		AA2A87A8209A95A2009C55BF /* PartyView.swift */ = {isa = PBXFileReference; fileEncoding = 4; lastKnownFileType = sourcecode.swift; path = PartyView.swift; sourceTree = "<group>"; };
		AA2A87AA209A95AD009C55BF /* PartyViewController.swift */ = {isa = PBXFileReference; fileEncoding = 4; lastKnownFileType = sourcecode.swift; path = PartyViewController.swift; sourceTree = "<group>"; };
		AA2A87AD209A9766009C55BF /* InviteCodeTableViewCell.swift */ = {isa = PBXFileReference; fileEncoding = 4; lastKnownFileType = sourcecode.swift; path = InviteCodeTableViewCell.swift; sourceTree = "<group>"; };
		AA2A87AF209A9A69009C55BF /* HeaderTableViewCell.swift */ = {isa = PBXFileReference; fileEncoding = 4; lastKnownFileType = sourcecode.swift; path = HeaderTableViewCell.swift; sourceTree = "<group>"; };
		AA2A87B1209A9B7E009C55BF /* GameTableViewCell.swift */ = {isa = PBXFileReference; fileEncoding = 4; lastKnownFileType = sourcecode.swift; path = GameTableViewCell.swift; sourceTree = "<group>"; };
		AA2A87B3209AB52C009C55BF /* PersonTableViewCell.swift */ = {isa = PBXFileReference; fileEncoding = 4; lastKnownFileType = sourcecode.swift; path = PersonTableViewCell.swift; sourceTree = "<group>"; };
		AA2A87B8209C1166009C55BF /* PartyPeople.swift */ = {isa = PBXFileReference; lastKnownFileType = sourcecode.swift; path = PartyPeople.swift; sourceTree = "<group>"; };
		AA2A87BA209D825D009C55BF /* WannabePeople.swift */ = {isa = PBXFileReference; lastKnownFileType = sourcecode.swift; path = WannabePeople.swift; sourceTree = "<group>"; };
		AA2A87BC209D8781009C55BF /* WannabePack.swift */ = {isa = PBXFileReference; lastKnownFileType = sourcecode.swift; path = WannabePack.swift; sourceTree = "<group>"; };
		AA590FF91FC26FBB008988E9 /* Wannabe.swift */ = {isa = PBXFileReference; lastKnownFileType = sourcecode.swift; path = Wannabe.swift; sourceTree = "<group>"; };
		AA5E89E320A13ADE00FE8960 /* UserKey.swift */ = {isa = PBXFileReference; lastKnownFileType = sourcecode.swift; path = UserKey.swift; sourceTree = "<group>"; };
		AA5E89E820A13C0C00FE8960 /* PartyDetailsKey.swift */ = {isa = PBXFileReference; lastKnownFileType = sourcecode.swift; path = PartyDetailsKey.swift; sourceTree = "<group>"; };
		AA5E89EA20A13C3A00FE8960 /* PartyDetailsNotification.swift */ = {isa = PBXFileReference; lastKnownFileType = sourcecode.swift; path = PartyDetailsNotification.swift; sourceTree = "<group>"; };
		AA5E89EC20A13C5B00FE8960 /* PartyDetailsDataSource.swift */ = {isa = PBXFileReference; lastKnownFileType = sourcecode.swift; path = PartyDetailsDataSource.swift; sourceTree = "<group>"; };
		AA5E89EE20A13D3800FE8960 /* PartyKey.swift */ = {isa = PBXFileReference; lastKnownFileType = sourcecode.swift; path = PartyKey.swift; sourceTree = "<group>"; };
		AA5E89F120A13F7300FE8960 /* PartyPeopleKey.swift */ = {isa = PBXFileReference; lastKnownFileType = sourcecode.swift; path = PartyPeopleKey.swift; sourceTree = "<group>"; };
		AA5E89F320A13F9700FE8960 /* PartyPeopleNotification.swift */ = {isa = PBXFileReference; lastKnownFileType = sourcecode.swift; path = PartyPeopleNotification.swift; sourceTree = "<group>"; };
		AA5E89F520A1401000FE8960 /* PartyPeopleDataSource.swift */ = {isa = PBXFileReference; lastKnownFileType = sourcecode.swift; path = PartyPeopleDataSource.swift; sourceTree = "<group>"; };
		AA5E89F720A141BE00FE8960 /* PartyPersonKey.swift */ = {isa = PBXFileReference; lastKnownFileType = sourcecode.swift; path = PartyPersonKey.swift; sourceTree = "<group>"; };
		AA5E89FE20A1470D00FE8960 /* WannabeKey.swift */ = {isa = PBXFileReference; lastKnownFileType = sourcecode.swift; path = WannabeKey.swift; sourceTree = "<group>"; };
		AA5E8A0B20A15E0700FE8960 /* WannabeDetailsKey.swift */ = {isa = PBXFileReference; lastKnownFileType = sourcecode.swift; path = WannabeDetailsKey.swift; sourceTree = "<group>"; };
		AA5E8A0D20A15E2900FE8960 /* WannabeDetailsNotification.swift */ = {isa = PBXFileReference; lastKnownFileType = sourcecode.swift; path = WannabeDetailsNotification.swift; sourceTree = "<group>"; };
		AA5E8A0F20A15E5400FE8960 /* WannabeDetailsStatus.swift */ = {isa = PBXFileReference; lastKnownFileType = sourcecode.swift; path = WannabeDetailsStatus.swift; sourceTree = "<group>"; };
		AA5E8A1120A15E5F00FE8960 /* WannabeDetailsRounds.swift */ = {isa = PBXFileReference; lastKnownFileType = sourcecode.swift; path = WannabeDetailsRounds.swift; sourceTree = "<group>"; };
		AA5E8A1320A15F8500FE8960 /* WannabeDetailsDataSource.swift */ = {isa = PBXFileReference; lastKnownFileType = sourcecode.swift; path = WannabeDetailsDataSource.swift; sourceTree = "<group>"; };
		AA5E8A1520A1615500FE8960 /* WannabePeopleKey.swift */ = {isa = PBXFileReference; lastKnownFileType = sourcecode.swift; path = WannabePeopleKey.swift; sourceTree = "<group>"; };
		AA5E8A1720A1617500FE8960 /* WannabePeopleNotification.swift */ = {isa = PBXFileReference; lastKnownFileType = sourcecode.swift; path = WannabePeopleNotification.swift; sourceTree = "<group>"; };
		AA5E8A1920A1618E00FE8960 /* WannabePeopleDataSource.swift */ = {isa = PBXFileReference; lastKnownFileType = sourcecode.swift; path = WannabePeopleDataSource.swift; sourceTree = "<group>"; };
		AA5E8A1C20A2B60A00FE8960 /* OrderedSet.swift */ = {isa = PBXFileReference; lastKnownFileType = sourcecode.swift; path = OrderedSet.swift; sourceTree = "<group>"; };
		AA5E8A1E20A5321300FE8960 /* WannabePersonKey.swift */ = {isa = PBXFileReference; lastKnownFileType = sourcecode.swift; path = WannabePersonKey.swift; sourceTree = "<group>"; };
		AA5E8A2020A5347D00FE8960 /* WannabeCardKey.swift */ = {isa = PBXFileReference; lastKnownFileType = sourcecode.swift; path = WannabeCardKey.swift; sourceTree = "<group>"; };
		AA5E8A2920A5395300FE8960 /* WannabePackKey.swift */ = {isa = PBXFileReference; lastKnownFileType = sourcecode.swift; path = WannabePackKey.swift; sourceTree = "<group>"; };
		AA5E8A2B20A53BB400FE8960 /* WannabePackDataSource.swift */ = {isa = PBXFileReference; lastKnownFileType = sourcecode.swift; path = WannabePackDataSource.swift; sourceTree = "<group>"; };
		AA5E8A2F20A7CDC500FE8960 /* MenuViewDelegate.swift */ = {isa = PBXFileReference; lastKnownFileType = sourcecode.swift; path = MenuViewDelegate.swift; sourceTree = "<group>"; };
		AA5E8A3120A7E2E600FE8960 /* StartPartyViewDelegate.swift */ = {isa = PBXFileReference; lastKnownFileType = sourcecode.swift; path = StartPartyViewDelegate.swift; sourceTree = "<group>"; };
		AA5E8A3320A7E3BC00FE8960 /* JoinPartyViewDelegate.swift */ = {isa = PBXFileReference; lastKnownFileType = sourcecode.swift; path = JoinPartyViewDelegate.swift; sourceTree = "<group>"; };
		AA5E8A3520A7EC2000FE8960 /* PartyViewDelegate.swift */ = {isa = PBXFileReference; lastKnownFileType = sourcecode.swift; path = PartyViewDelegate.swift; sourceTree = "<group>"; };
		AA5E8A3720A7ED0C00FE8960 /* PartyViewDataSource.swift */ = {isa = PBXFileReference; lastKnownFileType = sourcecode.swift; path = PartyViewDataSource.swift; sourceTree = "<group>"; };
		AA5E8A3A20A80EB400FE8960 /* GameTableViewCellDelegate.swift */ = {isa = PBXFileReference; lastKnownFileType = sourcecode.swift; path = GameTableViewCellDelegate.swift; sourceTree = "<group>"; };
		AA5E8A3F20A8150B00FE8960 /* PartyViewControllerDelegate.swift */ = {isa = PBXFileReference; lastKnownFileType = sourcecode.swift; path = PartyViewControllerDelegate.swift; sourceTree = "<group>"; };
		AA5E8A4120A8BE4700FE8960 /* PartyDetailsStatus.swift */ = {isa = PBXFileReference; lastKnownFileType = sourcecode.swift; path = PartyDetailsStatus.swift; sourceTree = "<group>"; };
		AA5E8A4320A8C6B000FE8960 /* PartyViewCellRow.swift */ = {isa = PBXFileReference; lastKnownFileType = sourcecode.swift; path = PartyViewCellRow.swift; sourceTree = "<group>"; };
		AA5E8A4720A8CF2500FE8960 /* ManagePartyView.swift */ = {isa = PBXFileReference; fileEncoding = 4; lastKnownFileType = sourcecode.swift; path = ManagePartyView.swift; sourceTree = "<group>"; };
		AA5E8A4B20A8CF2E00FE8960 /* ManagePartyViewController.swift */ = {isa = PBXFileReference; fileEncoding = 4; lastKnownFileType = sourcecode.swift; path = ManagePartyViewController.swift; sourceTree = "<group>"; };
		AA5E8A4D20A8EEDA00FE8960 /* ManagePartyViewDelegate.swift */ = {isa = PBXFileReference; lastKnownFileType = sourcecode.swift; path = ManagePartyViewDelegate.swift; sourceTree = "<group>"; };
		AA5E8A4F20A9010500FE8960 /* ManagePartyViewDataSource.swift */ = {isa = PBXFileReference; lastKnownFileType = sourcecode.swift; path = ManagePartyViewDataSource.swift; sourceTree = "<group>"; };
		AA5E8A5320A90D6800FE8960 /* ChangeHostView.swift */ = {isa = PBXFileReference; fileEncoding = 4; lastKnownFileType = sourcecode.swift; path = ChangeHostView.swift; sourceTree = "<group>"; };
		AA5E8A5520A90D7100FE8960 /* ChangeHostViewController.swift */ = {isa = PBXFileReference; fileEncoding = 4; lastKnownFileType = sourcecode.swift; path = ChangeHostViewController.swift; sourceTree = "<group>"; };
		AA5E8A5920A9121100FE8960 /* ChangeHostViewControllerDelegate.swift */ = {isa = PBXFileReference; lastKnownFileType = sourcecode.swift; path = ChangeHostViewControllerDelegate.swift; sourceTree = "<group>"; };
		AA5E8A5B20A912E900FE8960 /* ChangeHostViewDelegate.swift */ = {isa = PBXFileReference; lastKnownFileType = sourcecode.swift; path = ChangeHostViewDelegate.swift; sourceTree = "<group>"; };
		AA5E8A5D20A9130E00FE8960 /* ChangeHostViewCellRow.swift */ = {isa = PBXFileReference; lastKnownFileType = sourcecode.swift; path = ChangeHostViewCellRow.swift; sourceTree = "<group>"; };
		AA5E8A5F20A9159800FE8960 /* ChangeHostViewDataSource.swift */ = {isa = PBXFileReference; lastKnownFileType = sourcecode.swift; path = ChangeHostViewDataSource.swift; sourceTree = "<group>"; };
		AA5E8A6220A9167A00FE8960 /* PromptTableViewCell.swift */ = {isa = PBXFileReference; fileEncoding = 4; lastKnownFileType = sourcecode.swift; path = PromptTableViewCell.swift; sourceTree = "<group>"; };
		AA5E8A6520A9172B00FE8960 /* SelectableTableViewCell.swift */ = {isa = PBXFileReference; fileEncoding = 4; lastKnownFileType = sourcecode.swift; path = SelectableTableViewCell.swift; sourceTree = "<group>"; };
		AA5E8A6720A9177100FE8960 /* SelectableView.swift */ = {isa = PBXFileReference; fileEncoding = 4; lastKnownFileType = sourcecode.swift; path = SelectableView.swift; sourceTree = "<group>"; };
		AA5E8A6920A91D0D00FE8960 /* ManagePartyViewControllerDelegate.swift */ = {isa = PBXFileReference; lastKnownFileType = sourcecode.swift; path = ManagePartyViewControllerDelegate.swift; sourceTree = "<group>"; };
		AA6706C21F89D9F5000BF5F5 /* Party.swift */ = {isa = PBXFileReference; lastKnownFileType = sourcecode.swift; path = Party.swift; sourceTree = "<group>"; };
		AA69F9C320AD089100A91E3E /* Partybox.swift */ = {isa = PBXFileReference; lastKnownFileType = sourcecode.swift; path = Partybox.swift; sourceTree = "<group>"; };
		AACD97441FE6F8D1000275CB /* WannabeCard.swift */ = {isa = PBXFileReference; lastKnownFileType = sourcecode.swift; path = WannabeCard.swift; sourceTree = "<group>"; };
		AADD9C81205508DB00CA5AC8 /* Alert.swift */ = {isa = PBXFileReference; lastKnownFileType = sourcecode.swift; path = Alert.swift; sourceTree = "<group>"; };
		AAE75B431F809FA9001D4E13 /* Partybox.app */ = {isa = PBXFileReference; explicitFileType = wrapper.application; includeInIndex = 0; path = Partybox.app; sourceTree = BUILT_PRODUCTS_DIR; };
		AAE75B461F809FA9001D4E13 /* AppDelegate.swift */ = {isa = PBXFileReference; lastKnownFileType = sourcecode.swift; path = AppDelegate.swift; sourceTree = "<group>"; };
		AAE75B4D1F809FA9001D4E13 /* Assets.xcassets */ = {isa = PBXFileReference; lastKnownFileType = folder.assetcatalog; path = Assets.xcassets; sourceTree = "<group>"; };
		AAE75B501F809FA9001D4E13 /* Base */ = {isa = PBXFileReference; lastKnownFileType = file.storyboard; name = Base; path = Base.lproj/Launch.storyboard; sourceTree = "<group>"; };
		AAE75B521F809FA9001D4E13 /* Info.plist */ = {isa = PBXFileReference; lastKnownFileType = text.plist.xml; path = Info.plist; sourceTree = "<group>"; };
		AAE75B621F80AC76001D4E13 /* GoogleService-Info.plist */ = {isa = PBXFileReference; lastKnownFileType = text.plist.xml; path = "GoogleService-Info.plist"; sourceTree = "<group>"; };
		AAF6D7F61FDC8D4700014CA0 /* PartyPerson.swift */ = {isa = PBXFileReference; lastKnownFileType = sourcecode.swift; path = PartyPerson.swift; sourceTree = "<group>"; };
		AAF6D7F81FDC907600014CA0 /* WannabePerson.swift */ = {isa = PBXFileReference; lastKnownFileType = sourcecode.swift; path = WannabePerson.swift; sourceTree = "<group>"; };
		AAF6D8061FDCD7E700014CA0 /* WannabeDetails.swift */ = {isa = PBXFileReference; lastKnownFileType = sourcecode.swift; path = WannabeDetails.swift; sourceTree = "<group>"; };
		AAF8128720923CF10010FFB1 /* MenuView.swift */ = {isa = PBXFileReference; fileEncoding = 4; lastKnownFileType = sourcecode.swift; path = MenuView.swift; sourceTree = "<group>"; };
		AAF8128920923CF90010FFB1 /* MenuViewController.swift */ = {isa = PBXFileReference; fileEncoding = 4; lastKnownFileType = sourcecode.swift; path = MenuViewController.swift; sourceTree = "<group>"; };
		AAF8128C20923E370010FFB1 /* UIViewController+Extension.swift */ = {isa = PBXFileReference; fileEncoding = 4; lastKnownFileType = sourcecode.swift; path = "UIViewController+Extension.swift"; sourceTree = "<group>"; };
		AAF812922092406E0010FFB1 /* UIButton+Extension.swift */ = {isa = PBXFileReference; fileEncoding = 4; lastKnownFileType = sourcecode.swift; path = "UIButton+Extension.swift"; sourceTree = "<group>"; };
		AAF81296209241550010FFB1 /* AlertView.swift */ = {isa = PBXFileReference; fileEncoding = 4; lastKnownFileType = sourcecode.swift; path = AlertView.swift; sourceTree = "<group>"; };
		AAF812982092415C0010FFB1 /* AlertViewController.swift */ = {isa = PBXFileReference; fileEncoding = 4; lastKnownFileType = sourcecode.swift; path = AlertViewController.swift; sourceTree = "<group>"; };
		AAF8129C20924EB80010FFB1 /* ActivityIndicatorButton.swift */ = {isa = PBXFileReference; fileEncoding = 4; lastKnownFileType = sourcecode.swift; path = ActivityIndicatorButton.swift; sourceTree = "<group>"; };
		AAF8129F2092552D0010FFB1 /* ShapeView.swift */ = {isa = PBXFileReference; fileEncoding = 4; lastKnownFileType = sourcecode.swift; path = ShapeView.swift; sourceTree = "<group>"; };
		AAF812A02092552D0010FFB1 /* CircleView.swift */ = {isa = PBXFileReference; fileEncoding = 4; lastKnownFileType = sourcecode.swift; path = CircleView.swift; sourceTree = "<group>"; };
		AAF812A12092552D0010FFB1 /* TriangleView.swift */ = {isa = PBXFileReference; fileEncoding = 4; lastKnownFileType = sourcecode.swift; path = TriangleView.swift; sourceTree = "<group>"; };
		AAF812A22092552D0010FFB1 /* SquareView.swift */ = {isa = PBXFileReference; fileEncoding = 4; lastKnownFileType = sourcecode.swift; path = SquareView.swift; sourceTree = "<group>"; };
		AAF812A92092A6F70010FFB1 /* StartPartyViewController.swift */ = {isa = PBXFileReference; fileEncoding = 4; lastKnownFileType = sourcecode.swift; path = StartPartyViewController.swift; sourceTree = "<group>"; };
		AAF812AB2092A7010010FFB1 /* StartPartyView.swift */ = {isa = PBXFileReference; fileEncoding = 4; lastKnownFileType = sourcecode.swift; path = StartPartyView.swift; sourceTree = "<group>"; };
		AAF812B12092B18B0010FFB1 /* JoinPartyViewController.swift */ = {isa = PBXFileReference; fileEncoding = 4; lastKnownFileType = sourcecode.swift; path = JoinPartyViewController.swift; sourceTree = "<group>"; };
		AAF812B32092B1920010FFB1 /* JoinPartyView.swift */ = {isa = PBXFileReference; fileEncoding = 4; lastKnownFileType = sourcecode.swift; path = JoinPartyView.swift; sourceTree = "<group>"; };
		AAFFBDD92038989D00269AB4 /* User.swift */ = {isa = PBXFileReference; lastKnownFileType = sourcecode.swift; path = User.swift; sourceTree = "<group>"; };
		D393AE5C1BCD6658F642EBEE /* Pods-Partybox.release.xcconfig */ = {isa = PBXFileReference; includeInIndex = 1; lastKnownFileType = text.xcconfig; name = "Pods-Partybox.release.xcconfig"; path = "Pods/Target Support Files/Pods-Partybox/Pods-Partybox.release.xcconfig"; sourceTree = "<group>"; };
/* End PBXFileReference section */

/* Begin PBXFrameworksBuildPhase section */
		AAE75B401F809FA9001D4E13 /* Frameworks */ = {
			isa = PBXFrameworksBuildPhase;
			buildActionMask = 2147483647;
			files = (
				4DB447EF78B05BE6756A1533 /* Pods_Partybox.framework in Frameworks */,
			);
			runOnlyForDeploymentPostprocessing = 0;
		};
/* End PBXFrameworksBuildPhase section */

/* Begin PBXGroup section */
		61A56B2B26613E634C8C6380 /* Pods */ = {
			isa = PBXGroup;
			children = (
				05CC40299A0BDBF35F2F54B1 /* Pods-Partybox.debug.xcconfig */,
				D393AE5C1BCD6658F642EBEE /* Pods-Partybox.release.xcconfig */,
			);
			name = Pods;
			sourceTree = "<group>";
		};
		AA1CEE8320BB43A9008AE617 /* Party */ = {
			isa = PBXGroup;
			children = (
				AAF6D7FF1FDC965900014CA0 /* Party */,
				AA5E89E620A13B8B00FE8960 /* Party Details */,
				AA5E89E720A13B9F00FE8960 /* Party People */,
				AA5E89F020A13D4A00FE8960 /* Party Person */,
			);
			path = Party;
			sourceTree = "<group>";
		};
		AA1CEE8420BB43D6008AE617 /* Wannabe */ = {
			isa = PBXGroup;
			children = (
				AAF6D8001FDC966300014CA0 /* Wannabe */,
				AA1CEE8C20BB5497008AE617 /* WannabeManual */,
				AA5E89F920A1466200FE8960 /* Wannabe Details */,
				AA5E89FA20A1466900FE8960 /* Wannabe People */,
				AA5E89FC20A1467400FE8960 /* Wannabe Person */,
				AA5E89FB20A1466E00FE8960 /* Wannabe Pack */,
				AA5E89FD20A1467800FE8960 /* Wannabe Card */,
			);
			path = Wannabe;
			sourceTree = "<group>";
		};
		AA1CEE8520BB440E008AE617 /* Session */ = {
			isa = PBXGroup;
			children = (
				AA1CEE8620BB4416008AE617 /* Session.swift */,
				AA1CEE8820BB4820008AE617 /* SessionKey.swift */,
			);
			name = Session;
			path = Session/Session;
			sourceTree = "<group>";
		};
		AA1CEE8C20BB5497008AE617 /* WannabeManual */ = {
			isa = PBXGroup;
			children = (
				AA1CEE8D20BB54A5008AE617 /* WannabeManual.swift */,
				AA1CEE8F20BB54FC008AE617 /* WannabeManualKey.swift */,
			);
			path = WannabeManual;
			sourceTree = "<group>";
		};
		AA1CEE9620BBAF3C008AE617 /* Resources */ = {
			isa = PBXGroup;
			children = (
				AAF81281208BD03B0010FFB1 /* Countdown */,
				AA5E8A1B20A2B5F400FE8960 /* Ordered Set */,
			);
			path = Resources;
			sourceTree = "<group>";
		};
		AA1CEE9720BBCFF8008AE617 /* Change Game */ = {
			isa = PBXGroup;
			children = (
				AA1CEE9B20BBD07E008AE617 /* ChangeGameViewController.swift */,
				AA1CEEA320BBD578008AE617 /* ChangeGameViewControllerDelegate.swift */,
			);
			path = "Change Game";
			sourceTree = "<group>";
		};
		AA1CEE9820BBD00E008AE617 /* Change Game */ = {
			isa = PBXGroup;
			children = (
				AA1CEE9920BBD074008AE617 /* ChangeGameView.swift */,
				AA1CEEA120BBD2DF008AE617 /* ChangeGameViewCellRow.swift */,
				AA1CEE9D20BBD0ED008AE617 /* ChangeGameViewDelegate.swift */,
				AA1CEE9F20BBD1AA008AE617 /* ChangeGameViewDataSource.swift */,
			);
			path = "Change Game";
			sourceTree = "<group>";
		};
		AA2A87AC209A9742009C55BF /* Cells */ = {
			isa = PBXGroup;
			children = (
				AA5E8A3920A80E9D00FE8960 /* Game Cell */,
				AA5E8A3C20A8113B00FE8960 /* Header Cell */,
				AA5E8A3D20A8120700FE8960 /* Invite Code Cell */,
				AA5E8A3E20A8125400FE8960 /* Person Cell */,
				AA5E8A6120A9165B00FE8960 /* Prompt Cell */,
				AA5E8A6420A9170000FE8960 /* Selectable Cell */,
			);
			path = Cells;
			sourceTree = "<group>";
		};
		AA5E89E620A13B8B00FE8960 /* Party Details */ = {
			isa = PBXGroup;
			children = (
				AA2A87A020969FC1009C55BF /* PartyDetails.swift */,
				AA5E89E820A13C0C00FE8960 /* PartyDetailsKey.swift */,
				AA5E8A4120A8BE4700FE8960 /* PartyDetailsStatus.swift */,
				AA5E89EA20A13C3A00FE8960 /* PartyDetailsNotification.swift */,
				AA5E89EC20A13C5B00FE8960 /* PartyDetailsDataSource.swift */,
			);
			path = "Party Details";
			sourceTree = "<group>";
		};
		AA5E89E720A13B9F00FE8960 /* Party People */ = {
			isa = PBXGroup;
			children = (
				AA2A87B8209C1166009C55BF /* PartyPeople.swift */,
				AA5E89F120A13F7300FE8960 /* PartyPeopleKey.swift */,
				AA5E89F320A13F9700FE8960 /* PartyPeopleNotification.swift */,
				AA5E89F520A1401000FE8960 /* PartyPeopleDataSource.swift */,
			);
			path = "Party People";
			sourceTree = "<group>";
		};
		AA5E89F020A13D4A00FE8960 /* Party Person */ = {
			isa = PBXGroup;
			children = (
				AAF6D7F61FDC8D4700014CA0 /* PartyPerson.swift */,
				AA5E89F720A141BE00FE8960 /* PartyPersonKey.swift */,
			);
			path = "Party Person";
			sourceTree = "<group>";
		};
		AA5E89F920A1466200FE8960 /* Wannabe Details */ = {
			isa = PBXGroup;
			children = (
				AAF6D8061FDCD7E700014CA0 /* WannabeDetails.swift */,
				AA5E8A0B20A15E0700FE8960 /* WannabeDetailsKey.swift */,
				AA5E8A0F20A15E5400FE8960 /* WannabeDetailsStatus.swift */,
				AA5E8A1120A15E5F00FE8960 /* WannabeDetailsRounds.swift */,
				AA5E8A0D20A15E2900FE8960 /* WannabeDetailsNotification.swift */,
				AA5E8A1320A15F8500FE8960 /* WannabeDetailsDataSource.swift */,
			);
			path = "Wannabe Details";
			sourceTree = "<group>";
		};
		AA5E89FA20A1466900FE8960 /* Wannabe People */ = {
			isa = PBXGroup;
			children = (
				AA2A87BA209D825D009C55BF /* WannabePeople.swift */,
				AA5E8A1520A1615500FE8960 /* WannabePeopleKey.swift */,
				AA5E8A1720A1617500FE8960 /* WannabePeopleNotification.swift */,
				AA5E8A1920A1618E00FE8960 /* WannabePeopleDataSource.swift */,
			);
			path = "Wannabe People";
			sourceTree = "<group>";
		};
		AA5E89FB20A1466E00FE8960 /* Wannabe Pack */ = {
			isa = PBXGroup;
			children = (
				AA2A87BC209D8781009C55BF /* WannabePack.swift */,
				AA5E8A2920A5395300FE8960 /* WannabePackKey.swift */,
				AA5E8A2B20A53BB400FE8960 /* WannabePackDataSource.swift */,
			);
			path = "Wannabe Pack";
			sourceTree = "<group>";
		};
		AA5E89FC20A1467400FE8960 /* Wannabe Person */ = {
			isa = PBXGroup;
			children = (
				AAF6D7F81FDC907600014CA0 /* WannabePerson.swift */,
				AA5E8A1E20A5321300FE8960 /* WannabePersonKey.swift */,
			);
			path = "Wannabe Person";
			sourceTree = "<group>";
		};
		AA5E89FD20A1467800FE8960 /* Wannabe Card */ = {
			isa = PBXGroup;
			children = (
				AACD97441FE6F8D1000275CB /* WannabeCard.swift */,
				AA5E8A2020A5347D00FE8960 /* WannabeCardKey.swift */,
			);
			path = "Wannabe Card";
			sourceTree = "<group>";
		};
		AA5E8A1B20A2B5F400FE8960 /* Ordered Set */ = {
			isa = PBXGroup;
			children = (
				AA5E8A1C20A2B60A00FE8960 /* OrderedSet.swift */,
			);
			path = "Ordered Set";
			sourceTree = "<group>";
		};
		AA5E8A3920A80E9D00FE8960 /* Game Cell */ = {
			isa = PBXGroup;
			children = (
				AA2A87B1209A9B7E009C55BF /* GameTableViewCell.swift */,
				AA5E8A3A20A80EB400FE8960 /* GameTableViewCellDelegate.swift */,
			);
			path = "Game Cell";
			sourceTree = "<group>";
		};
		AA5E8A3C20A8113B00FE8960 /* Header Cell */ = {
			isa = PBXGroup;
			children = (
				AA2A87AF209A9A69009C55BF /* HeaderTableViewCell.swift */,
			);
			path = "Header Cell";
			sourceTree = "<group>";
		};
		AA5E8A3D20A8120700FE8960 /* Invite Code Cell */ = {
			isa = PBXGroup;
			children = (
				AA2A87AD209A9766009C55BF /* InviteCodeTableViewCell.swift */,
			);
			path = "Invite Code Cell";
			sourceTree = "<group>";
		};
		AA5E8A3E20A8125400FE8960 /* Person Cell */ = {
			isa = PBXGroup;
			children = (
				AA2A87B3209AB52C009C55BF /* PersonTableViewCell.swift */,
			);
			path = "Person Cell";
			sourceTree = "<group>";
		};
		AA5E8A4520A8CEEF00FE8960 /* Manage Party */ = {
			isa = PBXGroup;
			children = (
				AA5E8A4B20A8CF2E00FE8960 /* ManagePartyViewController.swift */,
				AA5E8A6920A91D0D00FE8960 /* ManagePartyViewControllerDelegate.swift */,
			);
			path = "Manage Party";
			sourceTree = "<group>";
		};
		AA5E8A4620A8CF0300FE8960 /* Manage Party */ = {
			isa = PBXGroup;
			children = (
				AA5E8A4720A8CF2500FE8960 /* ManagePartyView.swift */,
				AA5E8A4D20A8EEDA00FE8960 /* ManagePartyViewDelegate.swift */,
				AA5E8A4F20A9010500FE8960 /* ManagePartyViewDataSource.swift */,
			);
			path = "Manage Party";
			sourceTree = "<group>";
		};
		AA5E8A5120A90D3500FE8960 /* Change Host */ = {
			isa = PBXGroup;
			children = (
				AA5E8A5520A90D7100FE8960 /* ChangeHostViewController.swift */,
				AA5E8A5920A9121100FE8960 /* ChangeHostViewControllerDelegate.swift */,
			);
			path = "Change Host";
			sourceTree = "<group>";
		};
		AA5E8A5220A90D4600FE8960 /* Change Host */ = {
			isa = PBXGroup;
			children = (
				AA5E8A5320A90D6800FE8960 /* ChangeHostView.swift */,
				AA5E8A5D20A9130E00FE8960 /* ChangeHostViewCellRow.swift */,
				AA5E8A5B20A912E900FE8960 /* ChangeHostViewDelegate.swift */,
				AA5E8A5F20A9159800FE8960 /* ChangeHostViewDataSource.swift */,
			);
			path = "Change Host";
			sourceTree = "<group>";
		};
		AA5E8A6120A9165B00FE8960 /* Prompt Cell */ = {
			isa = PBXGroup;
			children = (
				AA5E8A6220A9167A00FE8960 /* PromptTableViewCell.swift */,
			);
			path = "Prompt Cell";
			sourceTree = "<group>";
		};
		AA5E8A6420A9170000FE8960 /* Selectable Cell */ = {
			isa = PBXGroup;
			children = (
				AA5E8A6520A9172B00FE8960 /* SelectableTableViewCell.swift */,
				AA5E8A6720A9177100FE8960 /* SelectableView.swift */,
			);
			path = "Selectable Cell";
			sourceTree = "<group>";
		};
		AADD9C80205508CE00CA5AC8 /* Alert */ = {
			isa = PBXGroup;
			children = (
				AADD9C81205508DB00CA5AC8 /* Alert.swift */,
			);
			path = Alert;
			sourceTree = "<group>";
		};
		AAE75B3A1F809FA9001D4E13 = {
			isa = PBXGroup;
			children = (
				AAE75B451F809FA9001D4E13 /* Partybox */,
				AAE75B441F809FA9001D4E13 /* Products */,
				61A56B2B26613E634C8C6380 /* Pods */,
				F9634DE61855F2D1DBAD42A8 /* Frameworks */,
			);
			sourceTree = "<group>";
		};
		AAE75B441F809FA9001D4E13 /* Products */ = {
			isa = PBXGroup;
			children = (
				AAE75B431F809FA9001D4E13 /* Partybox.app */,
			);
			name = Products;
			sourceTree = "<group>";
		};
		AAE75B451F809FA9001D4E13 /* Partybox */ = {
			isa = PBXGroup;
			children = (
				AAE75B5C1F80A44C001D4E13 /* Models */,
				AAF8128320923CAE0010FFB1 /* Views */,
				AAF8128420923CB90010FFB1 /* Controllers */,
				AAE75B591F80A432001D4E13 /* Resources */,
			);
			path = Partybox;
			sourceTree = "<group>";
		};
		AAE75B591F80A432001D4E13 /* Resources */ = {
			isa = PBXGroup;
			children = (
				AAE75B461F809FA9001D4E13 /* AppDelegate.swift */,
				AA69F9C320AD089100A91E3E /* Partybox.swift */,
				AAE75B521F809FA9001D4E13 /* Info.plist */,
				AAE75B621F80AC76001D4E13 /* GoogleService-Info.plist */,
				AAE75B4F1F809FA9001D4E13 /* Launch.storyboard */,
				AAE75B4D1F809FA9001D4E13 /* Assets.xcassets */,
			);
			path = Resources;
			sourceTree = "<group>";
		};
		AAE75B5C1F80A44C001D4E13 /* Models */ = {
			isa = PBXGroup;
			children = (
				AA1CEE8520BB440E008AE617 /* Session */,
				AAFFBDDB203898A200269AB4 /* User */,
				AA1CEE8320BB43A9008AE617 /* Party */,
				AA1CEE8420BB43D6008AE617 /* Wannabe */,
				AADD9C80205508CE00CA5AC8 /* Alert */,
				AA1CEE9620BBAF3C008AE617 /* Resources */,
			);
			path = Models;
			sourceTree = "<group>";
		};
		AAF6D7FF1FDC965900014CA0 /* Party */ = {
			isa = PBXGroup;
			children = (
				AA6706C21F89D9F5000BF5F5 /* Party.swift */,
				AA5E89EE20A13D3800FE8960 /* PartyKey.swift */,
				AA1CEE8A20BB4B17008AE617 /* PartyDataSource.swift */,
			);
			path = Party;
			sourceTree = "<group>";
		};
		AAF6D8001FDC966300014CA0 /* Wannabe */ = {
			isa = PBXGroup;
			children = (
				AA590FF91FC26FBB008988E9 /* Wannabe.swift */,
				AA5E89FE20A1470D00FE8960 /* WannabeKey.swift */,
				AA1CEE9120BB59BB008AE617 /* WannabeDataSource.swift */,
			);
			path = Wannabe;
			sourceTree = "<group>";
		};
		AAF81281208BD03B0010FFB1 /* Countdown */ = {
			isa = PBXGroup;
			children = (
				AA0F9C9F205CBE87005EF3EB /* Countdown.swift */,
			);
			path = Countdown;
			sourceTree = "<group>";
		};
		AAF8128320923CAE0010FFB1 /* Views */ = {
			isa = PBXGroup;
			children = (
				AAF8128520923CCE0010FFB1 /* Menu */,
				AAF812A72092A6C80010FFB1 /* Start Party */,
				AAF812AF2092B1660010FFB1 /* Join Party */,
				AAF812BA2094426F0010FFB1 /* Party */,
				AA5E8A4620A8CF0300FE8960 /* Manage Party */,
				AA5E8A5220A90D4600FE8960 /* Change Host */,
				AA1CEE9820BBD00E008AE617 /* Change Game */,
				AAF812952092413D0010FFB1 /* Alert */,
				AAF8129A20924E8B0010FFB1 /* Resources */,
			);
			path = Views;
			sourceTree = "<group>";
		};
		AAF8128420923CB90010FFB1 /* Controllers */ = {
			isa = PBXGroup;
			children = (
				AAF8128620923CD20010FFB1 /* Menu */,
				AAF812A82092A6DA0010FFB1 /* Start Party */,
				AAF812B02092B1730010FFB1 /* Join Party */,
				AAF812BB209442790010FFB1 /* Party */,
				AA5E8A4520A8CEEF00FE8960 /* Manage Party */,
				AA5E8A5120A90D3500FE8960 /* Change Host */,
				AA1CEE9720BBCFF8008AE617 /* Change Game */,
				AAF81294209241340010FFB1 /* Alert */,
				AAF812B72092D1550010FFB1 /* Resources */,
			);
			path = Controllers;
			sourceTree = "<group>";
		};
		AAF8128520923CCE0010FFB1 /* Menu */ = {
			isa = PBXGroup;
			children = (
				AAF8128720923CF10010FFB1 /* MenuView.swift */,
				AA5E8A2F20A7CDC500FE8960 /* MenuViewDelegate.swift */,
			);
			path = Menu;
			sourceTree = "<group>";
		};
		AAF8128620923CD20010FFB1 /* Menu */ = {
			isa = PBXGroup;
			children = (
				AAF8128920923CF90010FFB1 /* MenuViewController.swift */,
			);
			path = Menu;
			sourceTree = "<group>";
		};
		AAF81294209241340010FFB1 /* Alert */ = {
			isa = PBXGroup;
			children = (
				AAF812982092415C0010FFB1 /* AlertViewController.swift */,
			);
			path = Alert;
			sourceTree = "<group>";
		};
		AAF812952092413D0010FFB1 /* Alert */ = {
			isa = PBXGroup;
			children = (
				AAF81296209241550010FFB1 /* AlertView.swift */,
			);
			path = Alert;
			sourceTree = "<group>";
		};
		AAF8129A20924E8B0010FFB1 /* Resources */ = {
			isa = PBXGroup;
			children = (
				AAF8129B20924E990010FFB1 /* Buttons */,
				AA2A87AC209A9742009C55BF /* Cells */,
				AAF8129E209255030010FFB1 /* Shapes */,
				AAF812B92092D1650010FFB1 /* Extensions */,
			);
			path = Resources;
			sourceTree = "<group>";
		};
		AAF8129B20924E990010FFB1 /* Buttons */ = {
			isa = PBXGroup;
			children = (
				AAF8129C20924EB80010FFB1 /* ActivityIndicatorButton.swift */,
			);
			path = Buttons;
			sourceTree = "<group>";
		};
		AAF8129E209255030010FFB1 /* Shapes */ = {
			isa = PBXGroup;
			children = (
				AAF8129F2092552D0010FFB1 /* ShapeView.swift */,
				AAF812A02092552D0010FFB1 /* CircleView.swift */,
				AAF812A22092552D0010FFB1 /* SquareView.swift */,
				AAF812A12092552D0010FFB1 /* TriangleView.swift */,
			);
			path = Shapes;
			sourceTree = "<group>";
		};
		AAF812A72092A6C80010FFB1 /* Start Party */ = {
			isa = PBXGroup;
			children = (
				AAF812AB2092A7010010FFB1 /* StartPartyView.swift */,
				AA5E8A3120A7E2E600FE8960 /* StartPartyViewDelegate.swift */,
			);
			path = "Start Party";
			sourceTree = "<group>";
		};
		AAF812A82092A6DA0010FFB1 /* Start Party */ = {
			isa = PBXGroup;
			children = (
				AAF812A92092A6F70010FFB1 /* StartPartyViewController.swift */,
			);
			path = "Start Party";
			sourceTree = "<group>";
		};
		AAF812AF2092B1660010FFB1 /* Join Party */ = {
			isa = PBXGroup;
			children = (
				AAF812B32092B1920010FFB1 /* JoinPartyView.swift */,
				AA5E8A3320A7E3BC00FE8960 /* JoinPartyViewDelegate.swift */,
			);
			path = "Join Party";
			sourceTree = "<group>";
		};
		AAF812B02092B1730010FFB1 /* Join Party */ = {
			isa = PBXGroup;
			children = (
				AAF812B12092B18B0010FFB1 /* JoinPartyViewController.swift */,
			);
			path = "Join Party";
			sourceTree = "<group>";
		};
		AAF812B72092D1550010FFB1 /* Resources */ = {
			isa = PBXGroup;
			children = (
				AAF812B82092D15D0010FFB1 /* Extensions */,
			);
			path = Resources;
			sourceTree = "<group>";
		};
		AAF812B82092D15D0010FFB1 /* Extensions */ = {
			isa = PBXGroup;
			children = (
				AAF8128C20923E370010FFB1 /* UIViewController+Extension.swift */,
			);
			path = Extensions;
			sourceTree = "<group>";
		};
		AAF812B92092D1650010FFB1 /* Extensions */ = {
			isa = PBXGroup;
			children = (
				AAF812922092406E0010FFB1 /* UIButton+Extension.swift */,
			);
			path = Extensions;
			sourceTree = "<group>";
		};
		AAF812BA2094426F0010FFB1 /* Party */ = {
			isa = PBXGroup;
			children = (
				AA2A87A8209A95A2009C55BF /* PartyView.swift */,
				AA5E8A4320A8C6B000FE8960 /* PartyViewCellRow.swift */,
				AA5E8A3520A7EC2000FE8960 /* PartyViewDelegate.swift */,
				AA5E8A3720A7ED0C00FE8960 /* PartyViewDataSource.swift */,
			);
			path = Party;
			sourceTree = "<group>";
		};
		AAF812BB209442790010FFB1 /* Party */ = {
			isa = PBXGroup;
			children = (
				AA2A87AA209A95AD009C55BF /* PartyViewController.swift */,
				AA5E8A3F20A8150B00FE8960 /* PartyViewControllerDelegate.swift */,
			);
			path = Party;
			sourceTree = "<group>";
		};
		AAFFBDDB203898A200269AB4 /* User */ = {
			isa = PBXGroup;
			children = (
				AAFFBDD92038989D00269AB4 /* User.swift */,
				AA5E89E320A13ADE00FE8960 /* UserKey.swift */,
			);
			path = User;
			sourceTree = "<group>";
		};
		F9634DE61855F2D1DBAD42A8 /* Frameworks */ = {
			isa = PBXGroup;
			children = (
				A77681979AF3A60830BDC604 /* Pods_Partybox.framework */,
			);
			name = Frameworks;
			sourceTree = "<group>";
		};
/* End PBXGroup section */

/* Begin PBXNativeTarget section */
		AAE75B421F809FA9001D4E13 /* Partybox */ = {
			isa = PBXNativeTarget;
			buildConfigurationList = AAE75B551F809FA9001D4E13 /* Build configuration list for PBXNativeTarget "Partybox" */;
			buildPhases = (
				BE15D097AB62A468A11E4A96 /* [CP] Check Pods Manifest.lock */,
				AAE75B3F1F809FA9001D4E13 /* Sources */,
				AAE75B401F809FA9001D4E13 /* Frameworks */,
				AAE75B411F809FA9001D4E13 /* Resources */,
				3D6FCF225F7399D3BECCF80A /* [CP] Embed Pods Frameworks */,
				265ABD9250BA1F8E294E1152 /* [CP] Copy Pods Resources */,
			);
			buildRules = (
			);
			dependencies = (
			);
			name = Partybox;
			productName = Partybox;
			productReference = AAE75B431F809FA9001D4E13 /* Partybox.app */;
			productType = "com.apple.product-type.application";
		};
/* End PBXNativeTarget section */

/* Begin PBXProject section */
		AAE75B3B1F809FA9001D4E13 /* Project object */ = {
			isa = PBXProject;
			attributes = {
				LastSwiftUpdateCheck = 0900;
				LastUpgradeCheck = 0920;
				ORGANIZATIONNAME = "Christian Villa";
				TargetAttributes = {
					AAE75B421F809FA9001D4E13 = {
						CreatedOnToolsVersion = 9.0;
						ProvisioningStyle = Automatic;
					};
				};
			};
			buildConfigurationList = AAE75B3E1F809FA9001D4E13 /* Build configuration list for PBXProject "Partybox" */;
			compatibilityVersion = "Xcode 8.0";
			developmentRegion = en;
			hasScannedForEncodings = 0;
			knownRegions = (
				en,
				Base,
			);
			mainGroup = AAE75B3A1F809FA9001D4E13;
			productRefGroup = AAE75B441F809FA9001D4E13 /* Products */;
			projectDirPath = "";
			projectRoot = "";
			targets = (
				AAE75B421F809FA9001D4E13 /* Partybox */,
			);
		};
/* End PBXProject section */

/* Begin PBXResourcesBuildPhase section */
		AAE75B411F809FA9001D4E13 /* Resources */ = {
			isa = PBXResourcesBuildPhase;
			buildActionMask = 2147483647;
			files = (
				AAE75B511F809FA9001D4E13 /* Launch.storyboard in Resources */,
				AAE75B631F80ACCB001D4E13 /* GoogleService-Info.plist in Resources */,
				AAE75B4E1F809FA9001D4E13 /* Assets.xcassets in Resources */,
			);
			runOnlyForDeploymentPostprocessing = 0;
		};
/* End PBXResourcesBuildPhase section */

/* Begin PBXShellScriptBuildPhase section */
		265ABD9250BA1F8E294E1152 /* [CP] Copy Pods Resources */ = {
			isa = PBXShellScriptBuildPhase;
			buildActionMask = 2147483647;
			files = (
			);
			inputPaths = (
			);
			name = "[CP] Copy Pods Resources";
			outputPaths = (
			);
			runOnlyForDeploymentPostprocessing = 0;
			shellPath = /bin/sh;
			shellScript = "\"${SRCROOT}/Pods/Target Support Files/Pods-Partybox/Pods-Partybox-resources.sh\"\n";
			showEnvVarsInLog = 0;
		};
		3D6FCF225F7399D3BECCF80A /* [CP] Embed Pods Frameworks */ = {
			isa = PBXShellScriptBuildPhase;
			buildActionMask = 2147483647;
			files = (
			);
			inputPaths = (
			);
			name = "[CP] Embed Pods Frameworks";
			outputPaths = (
			);
			runOnlyForDeploymentPostprocessing = 0;
			shellPath = /bin/sh;
			shellScript = "\"${SRCROOT}/Pods/Target Support Files/Pods-Partybox/Pods-Partybox-frameworks.sh\"\n";
			showEnvVarsInLog = 0;
		};
		BE15D097AB62A468A11E4A96 /* [CP] Check Pods Manifest.lock */ = {
			isa = PBXShellScriptBuildPhase;
			buildActionMask = 2147483647;
			files = (
			);
			inputPaths = (
			);
			name = "[CP] Check Pods Manifest.lock";
			outputPaths = (
			);
			runOnlyForDeploymentPostprocessing = 0;
			shellPath = /bin/sh;
			shellScript = "diff \"${PODS_ROOT}/../Podfile.lock\" \"${PODS_ROOT}/Manifest.lock\" > /dev/null\nif [ $? != 0 ] ; then\n    # print error to STDERR\n    echo \"error: The sandbox is not in sync with the Podfile.lock. Run 'pod install' or update your CocoaPods installation.\" >&2\n    exit 1\nfi\n";
			showEnvVarsInLog = 0;
		};
/* End PBXShellScriptBuildPhase section */

/* Begin PBXSourcesBuildPhase section */
		AAE75B3F1F809FA9001D4E13 /* Sources */ = {
			isa = PBXSourcesBuildPhase;
			buildActionMask = 2147483647;
			files = (
				AAF812A32092552D0010FFB1 /* ShapeView.swift in Sources */,
				AA1CEEA220BBD2DF008AE617 /* ChangeGameViewCellRow.swift in Sources */,
				AAF8128D20923E370010FFB1 /* UIViewController+Extension.swift in Sources */,
				AA5E8A5620A90D7100FE8960 /* ChangeHostViewController.swift in Sources */,
				AA5E89E920A13C0C00FE8960 /* PartyDetailsKey.swift in Sources */,
				AAF6D7F91FDC907600014CA0 /* WannabePerson.swift in Sources */,
				AA2A87B9209C1166009C55BF /* PartyPeople.swift in Sources */,
				AA2A87A120969FC1009C55BF /* PartyDetails.swift in Sources */,
				AA2A87BB209D825D009C55BF /* WannabePeople.swift in Sources */,
				AA5E8A1F20A5321300FE8960 /* WannabePersonKey.swift in Sources */,
				AA5E8A1420A15F8500FE8960 /* WannabeDetailsDataSource.swift in Sources */,
				AA5E8A5420A90D6800FE8960 /* ChangeHostView.swift in Sources */,
				AA5E8A1D20A2B60A00FE8960 /* OrderedSet.swift in Sources */,
				AA5E8A3020A7CDC500FE8960 /* MenuViewDelegate.swift in Sources */,
				AAF812AD2092A7020010FFB1 /* StartPartyView.swift in Sources */,
				AA2A87B0209A9A69009C55BF /* HeaderTableViewCell.swift in Sources */,
				AA1CEE8B20BB4B17008AE617 /* PartyDataSource.swift in Sources */,
				AA1CEE8920BB4820008AE617 /* SessionKey.swift in Sources */,
				AA1CEE9220BB59BB008AE617 /* WannabeDataSource.swift in Sources */,
				AAF81297209241550010FFB1 /* AlertView.swift in Sources */,
				AAE75B471F809FA9001D4E13 /* AppDelegate.swift in Sources */,
				AA5E89EB20A13C3A00FE8960 /* PartyDetailsNotification.swift in Sources */,
				AA5E8A5C20A912E900FE8960 /* ChangeHostViewDelegate.swift in Sources */,
				AAF812A52092552D0010FFB1 /* TriangleView.swift in Sources */,
				AA5E8A4C20A8CF2E00FE8960 /* ManagePartyViewController.swift in Sources */,
				AA5E8A3220A7E2E600FE8960 /* StartPartyViewDelegate.swift in Sources */,
				AAF812A42092552D0010FFB1 /* CircleView.swift in Sources */,
				AA5E8A6820A9177200FE8960 /* SelectableView.swift in Sources */,
				AA5E8A1020A15E5400FE8960 /* WannabeDetailsStatus.swift in Sources */,
				AA5E8A4220A8BE4700FE8960 /* PartyDetailsStatus.swift in Sources */,
				AAF812AA2092A6F70010FFB1 /* StartPartyViewController.swift in Sources */,
				AAF812A62092552D0010FFB1 /* SquareView.swift in Sources */,
				AA5E89ED20A13C5B00FE8960 /* PartyDetailsDataSource.swift in Sources */,
				AA5E8A3820A7ED0C00FE8960 /* PartyViewDataSource.swift in Sources */,
				AA2A87AB209A95AE009C55BF /* PartyViewController.swift in Sources */,
				AAF8129D20924EB80010FFB1 /* ActivityIndicatorButton.swift in Sources */,
				AAF6D7F71FDC8D4700014CA0 /* PartyPerson.swift in Sources */,
				AA5E8A1A20A1618E00FE8960 /* WannabePeopleDataSource.swift in Sources */,
				AA1CEE9020BB54FC008AE617 /* WannabeManualKey.swift in Sources */,
				AADD9C82205508DB00CA5AC8 /* Alert.swift in Sources */,
				AA5E8A1820A1617500FE8960 /* WannabePeopleNotification.swift in Sources */,
				AA5E8A6320A9167A00FE8960 /* PromptTableViewCell.swift in Sources */,
				AAF812B52092B1930010FFB1 /* JoinPartyView.swift in Sources */,
				AA5E89F220A13F7300FE8960 /* PartyPeopleKey.swift in Sources */,
				AA5E8A1220A15E5F00FE8960 /* WannabeDetailsRounds.swift in Sources */,
				AACD97451FE6F8D1000275CB /* WannabeCard.swift in Sources */,
				AA5E8A2A20A5395300FE8960 /* WannabePackKey.swift in Sources */,
				AA1CEEA420BBD578008AE617 /* ChangeGameViewControllerDelegate.swift in Sources */,
				AA2A87BD209D8781009C55BF /* WannabePack.swift in Sources */,
				AA1CEEA020BBD1AA008AE617 /* ChangeGameViewDataSource.swift in Sources */,
				AA5E89EF20A13D3800FE8960 /* PartyKey.swift in Sources */,
				AA1CEE9E20BBD0ED008AE617 /* ChangeGameViewDelegate.swift in Sources */,
				AA5E89E420A13ADE00FE8960 /* UserKey.swift in Sources */,
				AA5E8A4E20A8EEDA00FE8960 /* ManagePartyViewDelegate.swift in Sources */,
				AA5E8A5020A9010500FE8960 /* ManagePartyViewDataSource.swift in Sources */,
				AA1CEE9A20BBD074008AE617 /* ChangeGameView.swift in Sources */,
				AA5E8A4920A8CF2500FE8960 /* ManagePartyView.swift in Sources */,
				AA5E8A5E20A9130E00FE8960 /* ChangeHostViewCellRow.swift in Sources */,
				AAF812992092415C0010FFB1 /* AlertViewController.swift in Sources */,
				AA6706C31F89D9F5000BF5F5 /* Party.swift in Sources */,
				AAF8128820923CF20010FFB1 /* MenuView.swift in Sources */,
				AA5E89F620A1401000FE8960 /* PartyPeopleDataSource.swift in Sources */,
				AA5E8A3620A7EC2000FE8960 /* PartyViewDelegate.swift in Sources */,
				AAF6D8071FDCD7E700014CA0 /* WannabeDetails.swift in Sources */,
				AA5E8A3420A7E3BC00FE8960 /* JoinPartyViewDelegate.swift in Sources */,
				AA1CEE8720BB4416008AE617 /* Session.swift in Sources */,
				AA2A87B4209AB52C009C55BF /* PersonTableViewCell.swift in Sources */,
				AA5E8A4420A8C6B000FE8960 /* PartyViewCellRow.swift in Sources */,
				AAF812B22092B18B0010FFB1 /* JoinPartyViewController.swift in Sources */,
				AAF8128A20923CF90010FFB1 /* MenuViewController.swift in Sources */,
				AA2A87B2209A9B7E009C55BF /* GameTableViewCell.swift in Sources */,
				AA590FFA1FC26FBB008988E9 /* Wannabe.swift in Sources */,
				AA5E8A1620A1615500FE8960 /* WannabePeopleKey.swift in Sources */,
				AA5E8A5A20A9121100FE8960 /* ChangeHostViewControllerDelegate.swift in Sources */,
				AA2A87AE209A9766009C55BF /* InviteCodeTableViewCell.swift in Sources */,
				AA5E8A3B20A80EB400FE8960 /* GameTableViewCellDelegate.swift in Sources */,
				AA69F9C420AD089100A91E3E /* Partybox.swift in Sources */,
				AA5E8A2C20A53BB400FE8960 /* WannabePackDataSource.swift in Sources */,
				AAFFBDDA2038989D00269AB4 /* User.swift in Sources */,
				AA5E8A6620A9172C00FE8960 /* SelectableTableViewCell.swift in Sources */,
				AA5E8A6A20A91D0D00FE8960 /* ManagePartyViewControllerDelegate.swift in Sources */,
				AA5E89FF20A1470D00FE8960 /* WannabeKey.swift in Sources */,
				AA5E8A6020A9159800FE8960 /* ChangeHostViewDataSource.swift in Sources */,
				AA5E8A4020A8150B00FE8960 /* PartyViewControllerDelegate.swift in Sources */,
				AA5E89F420A13F9700FE8960 /* PartyPeopleNotification.swift in Sources */,
				AA0F9CA0205CBE87005EF3EB /* Countdown.swift in Sources */,
				AA1CEE9C20BBD07E008AE617 /* ChangeGameViewController.swift in Sources */,
				AAF812932092406E0010FFB1 /* UIButton+Extension.swift in Sources */,
				AA5E8A0C20A15E0700FE8960 /* WannabeDetailsKey.swift in Sources */,
				AA2A87A9209A95A3009C55BF /* PartyView.swift in Sources */,
				AA5E8A0E20A15E2900FE8960 /* WannabeDetailsNotification.swift in Sources */,
				AA5E8A2120A5347D00FE8960 /* WannabeCardKey.swift in Sources */,
				AA1CEE8E20BB54A5008AE617 /* WannabeManual.swift in Sources */,
				AA5E89F820A141BE00FE8960 /* PartyPersonKey.swift in Sources */,
			);
			runOnlyForDeploymentPostprocessing = 0;
		};
/* End PBXSourcesBuildPhase section */

/* Begin PBXVariantGroup section */
		AAE75B4F1F809FA9001D4E13 /* Launch.storyboard */ = {
			isa = PBXVariantGroup;
			children = (
				AAE75B501F809FA9001D4E13 /* Base */,
			);
			name = Launch.storyboard;
			sourceTree = "<group>";
		};
/* End PBXVariantGroup section */

/* Begin XCBuildConfiguration section */
		AAE75B531F809FA9001D4E13 /* Debug */ = {
			isa = XCBuildConfiguration;
			buildSettings = {
				ALWAYS_SEARCH_USER_PATHS = NO;
				CLANG_ANALYZER_NONNULL = YES;
				CLANG_ANALYZER_NUMBER_OBJECT_CONVERSION = YES_AGGRESSIVE;
				CLANG_CXX_LANGUAGE_STANDARD = "gnu++14";
				CLANG_CXX_LIBRARY = "libc++";
				CLANG_ENABLE_MODULES = YES;
				CLANG_ENABLE_OBJC_ARC = YES;
				CLANG_WARN_BLOCK_CAPTURE_AUTORELEASING = YES;
				CLANG_WARN_BOOL_CONVERSION = YES;
				CLANG_WARN_COMMA = YES;
				CLANG_WARN_CONSTANT_CONVERSION = YES;
				CLANG_WARN_DIRECT_OBJC_ISA_USAGE = YES_ERROR;
				CLANG_WARN_DOCUMENTATION_COMMENTS = YES;
				CLANG_WARN_EMPTY_BODY = YES;
				CLANG_WARN_ENUM_CONVERSION = YES;
				CLANG_WARN_INFINITE_RECURSION = YES;
				CLANG_WARN_INT_CONVERSION = YES;
				CLANG_WARN_NON_LITERAL_NULL_CONVERSION = YES;
				CLANG_WARN_OBJC_LITERAL_CONVERSION = YES;
				CLANG_WARN_OBJC_ROOT_CLASS = YES_ERROR;
				CLANG_WARN_RANGE_LOOP_ANALYSIS = YES;
				CLANG_WARN_STRICT_PROTOTYPES = YES;
				CLANG_WARN_SUSPICIOUS_MOVE = YES;
				CLANG_WARN_UNGUARDED_AVAILABILITY = YES_AGGRESSIVE;
				CLANG_WARN_UNREACHABLE_CODE = YES;
				CLANG_WARN__DUPLICATE_METHOD_MATCH = YES;
				CODE_SIGN_IDENTITY = "iPhone Developer";
				COPY_PHASE_STRIP = NO;
				DEBUG_INFORMATION_FORMAT = dwarf;
				ENABLE_STRICT_OBJC_MSGSEND = YES;
				ENABLE_TESTABILITY = YES;
				GCC_C_LANGUAGE_STANDARD = gnu11;
				GCC_DYNAMIC_NO_PIC = NO;
				GCC_NO_COMMON_BLOCKS = YES;
				GCC_OPTIMIZATION_LEVEL = 0;
				GCC_PREPROCESSOR_DEFINITIONS = (
					"DEBUG=1",
					"$(inherited)",
				);
				GCC_WARN_64_TO_32_BIT_CONVERSION = YES;
				GCC_WARN_ABOUT_RETURN_TYPE = YES_ERROR;
				GCC_WARN_UNDECLARED_SELECTOR = YES;
				GCC_WARN_UNINITIALIZED_AUTOS = YES_AGGRESSIVE;
				GCC_WARN_UNUSED_FUNCTION = YES;
				GCC_WARN_UNUSED_VARIABLE = YES;
				IPHONEOS_DEPLOYMENT_TARGET = 9.0;
				MTL_ENABLE_DEBUG_INFO = YES;
				ONLY_ACTIVE_ARCH = YES;
				SDKROOT = iphoneos;
				SWIFT_ACTIVE_COMPILATION_CONDITIONS = DEBUG;
				SWIFT_OPTIMIZATION_LEVEL = "-Onone";
			};
			name = Debug;
		};
		AAE75B541F809FA9001D4E13 /* Release */ = {
			isa = XCBuildConfiguration;
			buildSettings = {
				ALWAYS_SEARCH_USER_PATHS = NO;
				CLANG_ANALYZER_NONNULL = YES;
				CLANG_ANALYZER_NUMBER_OBJECT_CONVERSION = YES_AGGRESSIVE;
				CLANG_CXX_LANGUAGE_STANDARD = "gnu++14";
				CLANG_CXX_LIBRARY = "libc++";
				CLANG_ENABLE_MODULES = YES;
				CLANG_ENABLE_OBJC_ARC = YES;
				CLANG_WARN_BLOCK_CAPTURE_AUTORELEASING = YES;
				CLANG_WARN_BOOL_CONVERSION = YES;
				CLANG_WARN_COMMA = YES;
				CLANG_WARN_CONSTANT_CONVERSION = YES;
				CLANG_WARN_DIRECT_OBJC_ISA_USAGE = YES_ERROR;
				CLANG_WARN_DOCUMENTATION_COMMENTS = YES;
				CLANG_WARN_EMPTY_BODY = YES;
				CLANG_WARN_ENUM_CONVERSION = YES;
				CLANG_WARN_INFINITE_RECURSION = YES;
				CLANG_WARN_INT_CONVERSION = YES;
				CLANG_WARN_NON_LITERAL_NULL_CONVERSION = YES;
				CLANG_WARN_OBJC_LITERAL_CONVERSION = YES;
				CLANG_WARN_OBJC_ROOT_CLASS = YES_ERROR;
				CLANG_WARN_RANGE_LOOP_ANALYSIS = YES;
				CLANG_WARN_STRICT_PROTOTYPES = YES;
				CLANG_WARN_SUSPICIOUS_MOVE = YES;
				CLANG_WARN_UNGUARDED_AVAILABILITY = YES_AGGRESSIVE;
				CLANG_WARN_UNREACHABLE_CODE = YES;
				CLANG_WARN__DUPLICATE_METHOD_MATCH = YES;
				CODE_SIGN_IDENTITY = "iPhone Developer";
				COPY_PHASE_STRIP = NO;
				DEBUG_INFORMATION_FORMAT = "dwarf-with-dsym";
				ENABLE_NS_ASSERTIONS = NO;
				ENABLE_STRICT_OBJC_MSGSEND = YES;
				GCC_C_LANGUAGE_STANDARD = gnu11;
				GCC_NO_COMMON_BLOCKS = YES;
				GCC_WARN_64_TO_32_BIT_CONVERSION = YES;
				GCC_WARN_ABOUT_RETURN_TYPE = YES_ERROR;
				GCC_WARN_UNDECLARED_SELECTOR = YES;
				GCC_WARN_UNINITIALIZED_AUTOS = YES_AGGRESSIVE;
				GCC_WARN_UNUSED_FUNCTION = YES;
				GCC_WARN_UNUSED_VARIABLE = YES;
				IPHONEOS_DEPLOYMENT_TARGET = 9.0;
				MTL_ENABLE_DEBUG_INFO = NO;
				SDKROOT = iphoneos;
				SWIFT_OPTIMIZATION_LEVEL = "-Owholemodule";
				VALIDATE_PRODUCT = YES;
			};
			name = Release;
		};
		AAE75B561F809FA9001D4E13 /* Debug */ = {
			isa = XCBuildConfiguration;
			baseConfigurationReference = 05CC40299A0BDBF35F2F54B1 /* Pods-Partybox.debug.xcconfig */;
			buildSettings = {
				ALWAYS_EMBED_SWIFT_STANDARD_LIBRARIES = YES;
				ASSETCATALOG_COMPILER_APPICON_NAME = AppIcon;
				"CODE_SIGN_IDENTITY[sdk=iphoneos*]" = "iPhone Developer";
				CODE_SIGN_STYLE = Automatic;
				DEVELOPMENT_TEAM = 52NMKETQZ4;
				INFOPLIST_FILE = "$(SRCROOT)/Partybox/Resources/Info.plist";
				IPHONEOS_DEPLOYMENT_TARGET = 9.0;
				LD_RUNPATH_SEARCH_PATHS = "$(inherited) @executable_path/Frameworks";
				PRODUCT_BUNDLE_IDENTIFIER = com.iamchristianv.Partybox;
				PRODUCT_NAME = "$(TARGET_NAME)";
				PROVISIONING_PROFILE_SPECIFIER = "";
				SWIFT_VERSION = 4.0;
				TARGETED_DEVICE_FAMILY = 1;
			};
			name = Debug;
		};
		AAE75B571F809FA9001D4E13 /* Release */ = {
			isa = XCBuildConfiguration;
			baseConfigurationReference = D393AE5C1BCD6658F642EBEE /* Pods-Partybox.release.xcconfig */;
			buildSettings = {
				ALWAYS_EMBED_SWIFT_STANDARD_LIBRARIES = YES;
				ASSETCATALOG_COMPILER_APPICON_NAME = AppIcon;
				"CODE_SIGN_IDENTITY[sdk=iphoneos*]" = "iPhone Developer";
				CODE_SIGN_STYLE = Automatic;
				DEVELOPMENT_TEAM = 52NMKETQZ4;
				INFOPLIST_FILE = "$(SRCROOT)/Partybox/Resources/Info.plist";
				IPHONEOS_DEPLOYMENT_TARGET = 9.0;
				LD_RUNPATH_SEARCH_PATHS = "$(inherited) @executable_path/Frameworks";
				PRODUCT_BUNDLE_IDENTIFIER = com.iamchristianv.Partybox;
				PRODUCT_NAME = "$(TARGET_NAME)";
				PROVISIONING_PROFILE_SPECIFIER = "";
				SWIFT_VERSION = 4.0;
				TARGETED_DEVICE_FAMILY = 1;
			};
			name = Release;
		};
/* End XCBuildConfiguration section */

/* Begin XCConfigurationList section */
		AAE75B3E1F809FA9001D4E13 /* Build configuration list for PBXProject "Partybox" */ = {
			isa = XCConfigurationList;
			buildConfigurations = (
				AAE75B531F809FA9001D4E13 /* Debug */,
				AAE75B541F809FA9001D4E13 /* Release */,
			);
			defaultConfigurationIsVisible = 0;
			defaultConfigurationName = Release;
		};
		AAE75B551F809FA9001D4E13 /* Build configuration list for PBXNativeTarget "Partybox" */ = {
			isa = XCConfigurationList;
			buildConfigurations = (
				AAE75B561F809FA9001D4E13 /* Debug */,
				AAE75B571F809FA9001D4E13 /* Release */,
			);
			defaultConfigurationIsVisible = 0;
			defaultConfigurationName = Release;
		};
/* End XCConfigurationList section */
	};
	rootObject = AAE75B3B1F809FA9001D4E13 /* Project object */;
}
