// !$*UTF8*$!
{
	archiveVersion = 1;
	classes = {
	};
	objectVersion = 48;
	objects = {

/* Begin PBXBuildFile section */
		4DB447EF78B05BE6756A1533 /* Pods_Partybox.framework in Frameworks */ = {isa = PBXBuildFile; fileRef = A77681979AF3A60830BDC604 /* Pods_Partybox.framework */; };
		AA0D152F1FA571C9009E31BF /* MenuViewController.swift in Sources */ = {isa = PBXBuildFile; fileRef = AA0D152E1FA571C9009E31BF /* MenuViewController.swift */; };
		AA0D15311FA582AD009E31BF /* StartPartyViewController.swift in Sources */ = {isa = PBXBuildFile; fileRef = AA0D15301FA582AD009E31BF /* StartPartyViewController.swift */; };
		AA0D15331FA5957F009E31BF /* JoinPartyViewController.swift in Sources */ = {isa = PBXBuildFile; fileRef = AA0D15321FA5957F009E31BF /* JoinPartyViewController.swift */; };
		AA0F9CA0205CBE87005EF3EB /* Countdown.swift in Sources */ = {isa = PBXBuildFile; fileRef = AA0F9C9F205CBE87005EF3EB /* Countdown.swift */; };
		AA590FFA1FC26FBB008988E9 /* Wannabe.swift in Sources */ = {isa = PBXBuildFile; fileRef = AA590FF91FC26FBB008988E9 /* Wannabe.swift */; };
		AA6706C31F89D9F5000BF5F5 /* Party.swift in Sources */ = {isa = PBXBuildFile; fileRef = AA6706C21F89D9F5000BF5F5 /* Party.swift */; };
		AAB053A52002E1CF00180209 /* ActivityButton.swift in Sources */ = {isa = PBXBuildFile; fileRef = AAB053A42002E1CF00180209 /* ActivityButton.swift */; };
		AAB053A92002EBBB00180209 /* UIColor+Extension.swift in Sources */ = {isa = PBXBuildFile; fileRef = AAB053A82002EBBB00180209 /* UIColor+Extension.swift */; };
		AAB053AD200D5F2400180209 /* SquareView.swift in Sources */ = {isa = PBXBuildFile; fileRef = AAB053AC200D5F2400180209 /* SquareView.swift */; };
		AAB053AF200D633C00180209 /* TriangleView.swift in Sources */ = {isa = PBXBuildFile; fileRef = AAB053AE200D633C00180209 /* TriangleView.swift */; };
		AAB053B4200D667A00180209 /* ShapeView.swift in Sources */ = {isa = PBXBuildFile; fileRef = AAB053B3200D667A00180209 /* ShapeView.swift */; };
		AAB053B6200D697B00180209 /* CircleView.swift in Sources */ = {isa = PBXBuildFile; fileRef = AAB053B5200D697B00180209 /* CircleView.swift */; };
		AAB053B8200EDD4D00180209 /* InviteCodeTableViewCell.swift in Sources */ = {isa = PBXBuildFile; fileRef = AAB053B7200EDD4D00180209 /* InviteCodeTableViewCell.swift */; };
		AACD97241FDF5DDE000275CB /* WannabePeople.swift in Sources */ = {isa = PBXBuildFile; fileRef = AACD97231FDF5DDE000275CB /* WannabePeople.swift */; };
		AACD97381FE5D9C9000275CB /* ButtonCollectionTableViewCell.swift in Sources */ = {isa = PBXBuildFile; fileRef = AACD97371FE5D9C9000275CB /* ButtonCollectionTableViewCell.swift */; };
		AACD973A1FE5E0E4000275CB /* GameInstructionsTableViewCell.swift in Sources */ = {isa = PBXBuildFile; fileRef = AACD97391FE5E0E4000275CB /* GameInstructionsTableViewCell.swift */; };
		AACD97401FE63668000275CB /* GameCountdownTableViewCell.swift in Sources */ = {isa = PBXBuildFile; fileRef = AACD973F1FE63668000275CB /* GameCountdownTableViewCell.swift */; };
		AACD97431FE6F782000275CB /* WannabePack.swift in Sources */ = {isa = PBXBuildFile; fileRef = AACD97421FE6F782000275CB /* WannabePack.swift */; };
		AACD97451FE6F8D1000275CB /* WannabeCard.swift in Sources */ = {isa = PBXBuildFile; fileRef = AACD97441FE6F8D1000275CB /* WannabeCard.swift */; };
		AACD97541FF4963C000275CB /* VoteWannabeTableView.swift in Sources */ = {isa = PBXBuildFile; fileRef = AACD97531FF4963C000275CB /* VoteWannabeTableView.swift */; };
		AADB81341FB14958003AD1D9 /* PromptTableViewCell.swift in Sources */ = {isa = PBXBuildFile; fileRef = AADB81331FB14958003AD1D9 /* PromptTableViewCell.swift */; };
		AADB81361FB15468003AD1D9 /* UIFont+Extension.swift in Sources */ = {isa = PBXBuildFile; fileRef = AADB81351FB15468003AD1D9 /* UIFont+Extension.swift */; };
		AADB81381FB156A4003AD1D9 /* HeaderTableViewCell.swift in Sources */ = {isa = PBXBuildFile; fileRef = AADB81371FB156A4003AD1D9 /* HeaderTableViewCell.swift */; };
		AADB813A1FB16E00003AD1D9 /* GameTableViewCell.swift in Sources */ = {isa = PBXBuildFile; fileRef = AADB81391FB16E00003AD1D9 /* GameTableViewCell.swift */; };
		AADB813C1FB29BD9003AD1D9 /* PersonTableViewCell.swift in Sources */ = {isa = PBXBuildFile; fileRef = AADB813B1FB29BD9003AD1D9 /* PersonTableViewCell.swift */; };
		AADB813E1FB2B155003AD1D9 /* ActivityTableViewCell.swift in Sources */ = {isa = PBXBuildFile; fileRef = AADB813D1FB2B155003AD1D9 /* ActivityTableViewCell.swift */; };
		AADB81401FB3E36B003AD1D9 /* ButtonTableViewCell.swift in Sources */ = {isa = PBXBuildFile; fileRef = AADB813F1FB3E36B003AD1D9 /* ButtonTableViewCell.swift */; };
		AADB81421FB40401003AD1D9 /* AlertViewController.swift in Sources */ = {isa = PBXBuildFile; fileRef = AADB81411FB40401003AD1D9 /* AlertViewController.swift */; };
		AADD9C7E2054F33200CA5AC8 /* AlertView.swift in Sources */ = {isa = PBXBuildFile; fileRef = AADD9C7D2054F33200CA5AC8 /* AlertView.swift */; };
		AADD9C82205508DB00CA5AC8 /* Alert.swift in Sources */ = {isa = PBXBuildFile; fileRef = AADD9C81205508DB00CA5AC8 /* Alert.swift */; };
		AAE75B471F809FA9001D4E13 /* AppDelegate.swift in Sources */ = {isa = PBXBuildFile; fileRef = AAE75B461F809FA9001D4E13 /* AppDelegate.swift */; };
		AAE75B4E1F809FA9001D4E13 /* Assets.xcassets in Resources */ = {isa = PBXBuildFile; fileRef = AAE75B4D1F809FA9001D4E13 /* Assets.xcassets */; };
		AAE75B511F809FA9001D4E13 /* Launch.storyboard in Resources */ = {isa = PBXBuildFile; fileRef = AAE75B4F1F809FA9001D4E13 /* Launch.storyboard */; };
		AAE75B631F80ACCB001D4E13 /* GoogleService-Info.plist in Resources */ = {isa = PBXBuildFile; fileRef = AAE75B621F80AC76001D4E13 /* GoogleService-Info.plist */; };
		AAEDA0DD1FF86AB20076B163 /* EndWannabeTableView.swift in Sources */ = {isa = PBXBuildFile; fileRef = AAEDA0DC1FF86AB20076B163 /* EndWannabeTableView.swift */; };
		AAF6D7F71FDC8D4700014CA0 /* PartyPerson.swift in Sources */ = {isa = PBXBuildFile; fileRef = AAF6D7F61FDC8D4700014CA0 /* PartyPerson.swift */; };
		AAF6D7F91FDC907600014CA0 /* WannabePerson.swift in Sources */ = {isa = PBXBuildFile; fileRef = AAF6D7F81FDC907600014CA0 /* WannabePerson.swift */; };
		AAF6D7FB1FDC955900014CA0 /* PartyDetails.swift in Sources */ = {isa = PBXBuildFile; fileRef = AAF6D7FA1FDC955900014CA0 /* PartyDetails.swift */; };
		AAF6D8051FDC99DB00014CA0 /* PartyPeople.swift in Sources */ = {isa = PBXBuildFile; fileRef = AAF6D8041FDC99DB00014CA0 /* PartyPeople.swift */; };
		AAF6D8071FDCD7E700014CA0 /* WannabeDetails.swift in Sources */ = {isa = PBXBuildFile; fileRef = AAF6D8061FDCD7E700014CA0 /* WannabeDetails.swift */; };
		AAF73B0A1FA6C57900D8A17B /* PartyViewController.swift in Sources */ = {isa = PBXBuildFile; fileRef = AAF73B091FA6C57900D8A17B /* PartyViewController.swift */; };
		AAF73B0C1FA6C97900D8A17B /* UIViewController+Extension.swift in Sources */ = {isa = PBXBuildFile; fileRef = AAF73B0B1FA6C97900D8A17B /* UIViewController+Extension.swift */; };
		AAF73B0E1FA6C9E500D8A17B /* UIButton+Extension.swift in Sources */ = {isa = PBXBuildFile; fileRef = AAF73B0D1FA6C9E500D8A17B /* UIButton+Extension.swift */; };
		AAF73B141FA7FF6800D8A17B /* MenuView.swift in Sources */ = {isa = PBXBuildFile; fileRef = AAF73B131FA7FF6700D8A17B /* MenuView.swift */; };
		AAF73B161FA804EA00D8A17B /* StartPartyView.swift in Sources */ = {isa = PBXBuildFile; fileRef = AAF73B151FA804EA00D8A17B /* StartPartyView.swift */; };
		AAF73B181FA8077C00D8A17B /* JoinPartyView.swift in Sources */ = {isa = PBXBuildFile; fileRef = AAF73B171FA8077C00D8A17B /* JoinPartyView.swift */; };
		AAF73B1A1FA809C200D8A17B /* PartyView.swift in Sources */ = {isa = PBXBuildFile; fileRef = AAF73B191FA809C200D8A17B /* PartyView.swift */; };
		AAFFBDB6202F583E00269AB4 /* Game.swift in Sources */ = {isa = PBXBuildFile; fileRef = AAFFBDB2202F583E00269AB4 /* Game.swift */; };
		AAFFBDC1203008AE00269AB4 /* EndWannabeView.swift in Sources */ = {isa = PBXBuildFile; fileRef = AAFFBDBC203008AD00269AB4 /* EndWannabeView.swift */; };
		AAFFBDC2203008AE00269AB4 /* SetupWannabeView.swift in Sources */ = {isa = PBXBuildFile; fileRef = AAFFBDBD203008AD00269AB4 /* SetupWannabeView.swift */; };
		AAFFBDC3203008AE00269AB4 /* StartWannabeView.swift in Sources */ = {isa = PBXBuildFile; fileRef = AAFFBDBE203008AE00269AB4 /* StartWannabeView.swift */; };
		AAFFBDC4203008AE00269AB4 /* PlayWannabeView.swift in Sources */ = {isa = PBXBuildFile; fileRef = AAFFBDBF203008AE00269AB4 /* PlayWannabeView.swift */; };
		AAFFBDC5203008AE00269AB4 /* VoteWannabeView.swift in Sources */ = {isa = PBXBuildFile; fileRef = AAFFBDC0203008AE00269AB4 /* VoteWannabeView.swift */; };
		AAFFBDCC203008E500269AB4 /* PlayWannabeViewController.swift in Sources */ = {isa = PBXBuildFile; fileRef = AAFFBDC7203008E400269AB4 /* PlayWannabeViewController.swift */; };
		AAFFBDCD203008E500269AB4 /* StartWannabeViewController.swift in Sources */ = {isa = PBXBuildFile; fileRef = AAFFBDC8203008E400269AB4 /* StartWannabeViewController.swift */; };
		AAFFBDCE203008E500269AB4 /* SetupWannabeViewController.swift in Sources */ = {isa = PBXBuildFile; fileRef = AAFFBDC9203008E500269AB4 /* SetupWannabeViewController.swift */; };
		AAFFBDCF203008E500269AB4 /* EndWannabeViewController.swift in Sources */ = {isa = PBXBuildFile; fileRef = AAFFBDCA203008E500269AB4 /* EndWannabeViewController.swift */; };
		AAFFBDD0203008E500269AB4 /* VoteWannabeViewController.swift in Sources */ = {isa = PBXBuildFile; fileRef = AAFFBDCB203008E500269AB4 /* VoteWannabeViewController.swift */; };
		AAFFBDDA2038989D00269AB4 /* User.swift in Sources */ = {isa = PBXBuildFile; fileRef = AAFFBDD92038989D00269AB4 /* User.swift */; };
		AAFFBDDD2038A4C900269AB4 /* ChangeGameViewController.swift in Sources */ = {isa = PBXBuildFile; fileRef = AAFFBDDC2038A4C900269AB4 /* ChangeGameViewController.swift */; };
		AAFFBDDF2038A56600269AB4 /* ChangeGameView.swift in Sources */ = {isa = PBXBuildFile; fileRef = AAFFBDDE2038A56600269AB4 /* ChangeGameView.swift */; };
		AAFFBDE12038B16000269AB4 /* ManagePartyViewController.swift in Sources */ = {isa = PBXBuildFile; fileRef = AAFFBDE02038B16000269AB4 /* ManagePartyViewController.swift */; };
		AAFFBDE32038B17100269AB4 /* ManagePartyView.swift in Sources */ = {isa = PBXBuildFile; fileRef = AAFFBDE22038B17100269AB4 /* ManagePartyView.swift */; };
		AAFFBDE52038B18F00269AB4 /* ChangeHostViewController.swift in Sources */ = {isa = PBXBuildFile; fileRef = AAFFBDE42038B18F00269AB4 /* ChangeHostViewController.swift */; };
		AAFFBDE72038B19F00269AB4 /* ChangeHostView.swift in Sources */ = {isa = PBXBuildFile; fileRef = AAFFBDE62038B19F00269AB4 /* ChangeHostView.swift */; };
		AAFFBDF320392ABE00269AB4 /* SelectablePersonTableViewCell.swift in Sources */ = {isa = PBXBuildFile; fileRef = AAFFBDF220392ABE00269AB4 /* SelectablePersonTableViewCell.swift */; };
		AAFFBDF92039326400269AB4 /* SelectableView.swift in Sources */ = {isa = PBXBuildFile; fileRef = AAFFBDF82039326400269AB4 /* SelectableView.swift */; };
		AAFFBDFB203A592000269AB4 /* SelectableGameTableViewCell.swift in Sources */ = {isa = PBXBuildFile; fileRef = AAFFBDFA203A592000269AB4 /* SelectableGameTableViewCell.swift */; };
		AAFFBDFD203A6E3B00269AB4 /* ManagePartyTableViewCell.swift in Sources */ = {isa = PBXBuildFile; fileRef = AAFFBDFC203A6E3B00269AB4 /* ManagePartyTableViewCell.swift */; };
		AAFFBDFF203A841E00269AB4 /* StartPartyTableViewCell.swift in Sources */ = {isa = PBXBuildFile; fileRef = AAFFBDFE203A841E00269AB4 /* StartPartyTableViewCell.swift */; };
		AAFFBE01203A8D1F00269AB4 /* JoinPartyTableViewCell.swift in Sources */ = {isa = PBXBuildFile; fileRef = AAFFBE00203A8D1F00269AB4 /* JoinPartyTableViewCell.swift */; };
/* End PBXBuildFile section */

/* Begin PBXFileReference section */
		05CC40299A0BDBF35F2F54B1 /* Pods-Partybox.debug.xcconfig */ = {isa = PBXFileReference; includeInIndex = 1; lastKnownFileType = text.xcconfig; name = "Pods-Partybox.debug.xcconfig"; path = "Pods/Target Support Files/Pods-Partybox/Pods-Partybox.debug.xcconfig"; sourceTree = "<group>"; };
		A77681979AF3A60830BDC604 /* Pods_Partybox.framework */ = {isa = PBXFileReference; explicitFileType = wrapper.framework; includeInIndex = 0; path = Pods_Partybox.framework; sourceTree = BUILT_PRODUCTS_DIR; };
		AA0D152E1FA571C9009E31BF /* MenuViewController.swift */ = {isa = PBXFileReference; lastKnownFileType = sourcecode.swift; path = MenuViewController.swift; sourceTree = "<group>"; };
		AA0D15301FA582AD009E31BF /* StartPartyViewController.swift */ = {isa = PBXFileReference; lastKnownFileType = sourcecode.swift; path = StartPartyViewController.swift; sourceTree = "<group>"; };
		AA0D15321FA5957F009E31BF /* JoinPartyViewController.swift */ = {isa = PBXFileReference; lastKnownFileType = sourcecode.swift; path = JoinPartyViewController.swift; sourceTree = "<group>"; };
		AA0F9C9F205CBE87005EF3EB /* Countdown.swift */ = {isa = PBXFileReference; lastKnownFileType = sourcecode.swift; path = Countdown.swift; sourceTree = "<group>"; };
		AA590FF91FC26FBB008988E9 /* Wannabe.swift */ = {isa = PBXFileReference; lastKnownFileType = sourcecode.swift; path = Wannabe.swift; sourceTree = "<group>"; };
		AA6706C21F89D9F5000BF5F5 /* Party.swift */ = {isa = PBXFileReference; lastKnownFileType = sourcecode.swift; path = Party.swift; sourceTree = "<group>"; };
		AAB053A42002E1CF00180209 /* ActivityButton.swift */ = {isa = PBXFileReference; lastKnownFileType = sourcecode.swift; path = ActivityButton.swift; sourceTree = "<group>"; };
		AAB053A82002EBBB00180209 /* UIColor+Extension.swift */ = {isa = PBXFileReference; lastKnownFileType = sourcecode.swift; path = "UIColor+Extension.swift"; sourceTree = "<group>"; };
		AAB053AC200D5F2400180209 /* SquareView.swift */ = {isa = PBXFileReference; lastKnownFileType = sourcecode.swift; path = SquareView.swift; sourceTree = "<group>"; };
		AAB053AE200D633C00180209 /* TriangleView.swift */ = {isa = PBXFileReference; lastKnownFileType = sourcecode.swift; path = TriangleView.swift; sourceTree = "<group>"; };
		AAB053B3200D667A00180209 /* ShapeView.swift */ = {isa = PBXFileReference; lastKnownFileType = sourcecode.swift; path = ShapeView.swift; sourceTree = "<group>"; };
		AAB053B5200D697B00180209 /* CircleView.swift */ = {isa = PBXFileReference; lastKnownFileType = sourcecode.swift; path = CircleView.swift; sourceTree = "<group>"; };
		AAB053B7200EDD4D00180209 /* InviteCodeTableViewCell.swift */ = {isa = PBXFileReference; lastKnownFileType = sourcecode.swift; path = InviteCodeTableViewCell.swift; sourceTree = "<group>"; };
		AACD97231FDF5DDE000275CB /* WannabePeople.swift */ = {isa = PBXFileReference; lastKnownFileType = sourcecode.swift; path = WannabePeople.swift; sourceTree = "<group>"; };
		AACD97371FE5D9C9000275CB /* ButtonCollectionTableViewCell.swift */ = {isa = PBXFileReference; lastKnownFileType = sourcecode.swift; path = ButtonCollectionTableViewCell.swift; sourceTree = "<group>"; };
		AACD97391FE5E0E4000275CB /* GameInstructionsTableViewCell.swift */ = {isa = PBXFileReference; lastKnownFileType = sourcecode.swift; path = GameInstructionsTableViewCell.swift; sourceTree = "<group>"; };
		AACD973F1FE63668000275CB /* GameCountdownTableViewCell.swift */ = {isa = PBXFileReference; lastKnownFileType = sourcecode.swift; path = GameCountdownTableViewCell.swift; sourceTree = "<group>"; };
		AACD97421FE6F782000275CB /* WannabePack.swift */ = {isa = PBXFileReference; lastKnownFileType = sourcecode.swift; path = WannabePack.swift; sourceTree = "<group>"; };
		AACD97441FE6F8D1000275CB /* WannabeCard.swift */ = {isa = PBXFileReference; lastKnownFileType = sourcecode.swift; path = WannabeCard.swift; sourceTree = "<group>"; };
		AACD97531FF4963C000275CB /* VoteWannabeTableView.swift */ = {isa = PBXFileReference; lastKnownFileType = sourcecode.swift; path = VoteWannabeTableView.swift; sourceTree = "<group>"; };
		AADB81331FB14958003AD1D9 /* PromptTableViewCell.swift */ = {isa = PBXFileReference; lastKnownFileType = sourcecode.swift; path = PromptTableViewCell.swift; sourceTree = "<group>"; };
		AADB81351FB15468003AD1D9 /* UIFont+Extension.swift */ = {isa = PBXFileReference; lastKnownFileType = sourcecode.swift; path = "UIFont+Extension.swift"; sourceTree = "<group>"; };
		AADB81371FB156A4003AD1D9 /* HeaderTableViewCell.swift */ = {isa = PBXFileReference; lastKnownFileType = sourcecode.swift; path = HeaderTableViewCell.swift; sourceTree = "<group>"; };
		AADB81391FB16E00003AD1D9 /* GameTableViewCell.swift */ = {isa = PBXFileReference; lastKnownFileType = sourcecode.swift; path = GameTableViewCell.swift; sourceTree = "<group>"; };
		AADB813B1FB29BD9003AD1D9 /* PersonTableViewCell.swift */ = {isa = PBXFileReference; lastKnownFileType = sourcecode.swift; path = PersonTableViewCell.swift; sourceTree = "<group>"; };
		AADB813D1FB2B155003AD1D9 /* ActivityTableViewCell.swift */ = {isa = PBXFileReference; lastKnownFileType = sourcecode.swift; path = ActivityTableViewCell.swift; sourceTree = "<group>"; };
		AADB813F1FB3E36B003AD1D9 /* ButtonTableViewCell.swift */ = {isa = PBXFileReference; lastKnownFileType = sourcecode.swift; path = ButtonTableViewCell.swift; sourceTree = "<group>"; };
		AADB81411FB40401003AD1D9 /* AlertViewController.swift */ = {isa = PBXFileReference; lastKnownFileType = sourcecode.swift; path = AlertViewController.swift; sourceTree = "<group>"; };
		AADD9C7D2054F33200CA5AC8 /* AlertView.swift */ = {isa = PBXFileReference; fileEncoding = 4; lastKnownFileType = sourcecode.swift; path = AlertView.swift; sourceTree = "<group>"; };
		AADD9C81205508DB00CA5AC8 /* Alert.swift */ = {isa = PBXFileReference; lastKnownFileType = sourcecode.swift; path = Alert.swift; sourceTree = "<group>"; };
		AAE75B431F809FA9001D4E13 /* Partybox.app */ = {isa = PBXFileReference; explicitFileType = wrapper.application; includeInIndex = 0; path = Partybox.app; sourceTree = BUILT_PRODUCTS_DIR; };
		AAE75B461F809FA9001D4E13 /* AppDelegate.swift */ = {isa = PBXFileReference; lastKnownFileType = sourcecode.swift; path = AppDelegate.swift; sourceTree = "<group>"; };
		AAE75B4D1F809FA9001D4E13 /* Assets.xcassets */ = {isa = PBXFileReference; lastKnownFileType = folder.assetcatalog; path = Assets.xcassets; sourceTree = "<group>"; };
		AAE75B501F809FA9001D4E13 /* Base */ = {isa = PBXFileReference; lastKnownFileType = file.storyboard; name = Base; path = Base.lproj/Launch.storyboard; sourceTree = "<group>"; };
		AAE75B521F809FA9001D4E13 /* Info.plist */ = {isa = PBXFileReference; lastKnownFileType = text.plist.xml; path = Info.plist; sourceTree = "<group>"; };
		AAE75B621F80AC76001D4E13 /* GoogleService-Info.plist */ = {isa = PBXFileReference; lastKnownFileType = text.plist.xml; path = "GoogleService-Info.plist"; sourceTree = "<group>"; };
		AAEDA0DC1FF86AB20076B163 /* EndWannabeTableView.swift */ = {isa = PBXFileReference; lastKnownFileType = sourcecode.swift; path = EndWannabeTableView.swift; sourceTree = "<group>"; };
		AAF6D7F61FDC8D4700014CA0 /* PartyPerson.swift */ = {isa = PBXFileReference; lastKnownFileType = sourcecode.swift; path = PartyPerson.swift; sourceTree = "<group>"; };
		AAF6D7F81FDC907600014CA0 /* WannabePerson.swift */ = {isa = PBXFileReference; lastKnownFileType = sourcecode.swift; path = WannabePerson.swift; sourceTree = "<group>"; };
		AAF6D7FA1FDC955900014CA0 /* PartyDetails.swift */ = {isa = PBXFileReference; lastKnownFileType = sourcecode.swift; path = PartyDetails.swift; sourceTree = "<group>"; };
		AAF6D8041FDC99DB00014CA0 /* PartyPeople.swift */ = {isa = PBXFileReference; lastKnownFileType = sourcecode.swift; path = PartyPeople.swift; sourceTree = "<group>"; };
		AAF6D8061FDCD7E700014CA0 /* WannabeDetails.swift */ = {isa = PBXFileReference; lastKnownFileType = sourcecode.swift; path = WannabeDetails.swift; sourceTree = "<group>"; };
		AAF73B091FA6C57900D8A17B /* PartyViewController.swift */ = {isa = PBXFileReference; lastKnownFileType = sourcecode.swift; path = PartyViewController.swift; sourceTree = "<group>"; };
		AAF73B0B1FA6C97900D8A17B /* UIViewController+Extension.swift */ = {isa = PBXFileReference; lastKnownFileType = sourcecode.swift; path = "UIViewController+Extension.swift"; sourceTree = "<group>"; };
		AAF73B0D1FA6C9E500D8A17B /* UIButton+Extension.swift */ = {isa = PBXFileReference; lastKnownFileType = sourcecode.swift; path = "UIButton+Extension.swift"; sourceTree = "<group>"; };
		AAF73B131FA7FF6700D8A17B /* MenuView.swift */ = {isa = PBXFileReference; lastKnownFileType = sourcecode.swift; path = MenuView.swift; sourceTree = "<group>"; };
		AAF73B151FA804EA00D8A17B /* StartPartyView.swift */ = {isa = PBXFileReference; lastKnownFileType = sourcecode.swift; path = StartPartyView.swift; sourceTree = "<group>"; };
		AAF73B171FA8077C00D8A17B /* JoinPartyView.swift */ = {isa = PBXFileReference; lastKnownFileType = sourcecode.swift; path = JoinPartyView.swift; sourceTree = "<group>"; };
		AAF73B191FA809C200D8A17B /* PartyView.swift */ = {isa = PBXFileReference; lastKnownFileType = sourcecode.swift; path = PartyView.swift; sourceTree = "<group>"; };
		AAFFBDB2202F583E00269AB4 /* Game.swift */ = {isa = PBXFileReference; fileEncoding = 4; lastKnownFileType = sourcecode.swift; path = Game.swift; sourceTree = "<group>"; };
		AAFFBDBC203008AD00269AB4 /* EndWannabeView.swift */ = {isa = PBXFileReference; fileEncoding = 4; lastKnownFileType = sourcecode.swift; path = EndWannabeView.swift; sourceTree = "<group>"; };
		AAFFBDBD203008AD00269AB4 /* SetupWannabeView.swift */ = {isa = PBXFileReference; fileEncoding = 4; lastKnownFileType = sourcecode.swift; path = SetupWannabeView.swift; sourceTree = "<group>"; };
		AAFFBDBE203008AE00269AB4 /* StartWannabeView.swift */ = {isa = PBXFileReference; fileEncoding = 4; lastKnownFileType = sourcecode.swift; path = StartWannabeView.swift; sourceTree = "<group>"; };
		AAFFBDBF203008AE00269AB4 /* PlayWannabeView.swift */ = {isa = PBXFileReference; fileEncoding = 4; lastKnownFileType = sourcecode.swift; path = PlayWannabeView.swift; sourceTree = "<group>"; };
		AAFFBDC0203008AE00269AB4 /* VoteWannabeView.swift */ = {isa = PBXFileReference; fileEncoding = 4; lastKnownFileType = sourcecode.swift; path = VoteWannabeView.swift; sourceTree = "<group>"; };
		AAFFBDC7203008E400269AB4 /* PlayWannabeViewController.swift */ = {isa = PBXFileReference; fileEncoding = 4; lastKnownFileType = sourcecode.swift; path = PlayWannabeViewController.swift; sourceTree = "<group>"; };
		AAFFBDC8203008E400269AB4 /* StartWannabeViewController.swift */ = {isa = PBXFileReference; fileEncoding = 4; lastKnownFileType = sourcecode.swift; path = StartWannabeViewController.swift; sourceTree = "<group>"; };
		AAFFBDC9203008E500269AB4 /* SetupWannabeViewController.swift */ = {isa = PBXFileReference; fileEncoding = 4; lastKnownFileType = sourcecode.swift; path = SetupWannabeViewController.swift; sourceTree = "<group>"; };
		AAFFBDCA203008E500269AB4 /* EndWannabeViewController.swift */ = {isa = PBXFileReference; fileEncoding = 4; lastKnownFileType = sourcecode.swift; path = EndWannabeViewController.swift; sourceTree = "<group>"; };
		AAFFBDCB203008E500269AB4 /* VoteWannabeViewController.swift */ = {isa = PBXFileReference; fileEncoding = 4; lastKnownFileType = sourcecode.swift; path = VoteWannabeViewController.swift; sourceTree = "<group>"; };
		AAFFBDD92038989D00269AB4 /* User.swift */ = {isa = PBXFileReference; lastKnownFileType = sourcecode.swift; path = User.swift; sourceTree = "<group>"; };
		AAFFBDDC2038A4C900269AB4 /* ChangeGameViewController.swift */ = {isa = PBXFileReference; lastKnownFileType = sourcecode.swift; path = ChangeGameViewController.swift; sourceTree = "<group>"; };
		AAFFBDDE2038A56600269AB4 /* ChangeGameView.swift */ = {isa = PBXFileReference; lastKnownFileType = sourcecode.swift; path = ChangeGameView.swift; sourceTree = "<group>"; };
		AAFFBDE02038B16000269AB4 /* ManagePartyViewController.swift */ = {isa = PBXFileReference; lastKnownFileType = sourcecode.swift; path = ManagePartyViewController.swift; sourceTree = "<group>"; };
		AAFFBDE22038B17100269AB4 /* ManagePartyView.swift */ = {isa = PBXFileReference; lastKnownFileType = sourcecode.swift; path = ManagePartyView.swift; sourceTree = "<group>"; };
		AAFFBDE42038B18F00269AB4 /* ChangeHostViewController.swift */ = {isa = PBXFileReference; lastKnownFileType = sourcecode.swift; path = ChangeHostViewController.swift; sourceTree = "<group>"; };
		AAFFBDE62038B19F00269AB4 /* ChangeHostView.swift */ = {isa = PBXFileReference; lastKnownFileType = sourcecode.swift; path = ChangeHostView.swift; sourceTree = "<group>"; };
		AAFFBDF220392ABE00269AB4 /* SelectablePersonTableViewCell.swift */ = {isa = PBXFileReference; lastKnownFileType = sourcecode.swift; path = SelectablePersonTableViewCell.swift; sourceTree = "<group>"; };
		AAFFBDF82039326400269AB4 /* SelectableView.swift */ = {isa = PBXFileReference; lastKnownFileType = sourcecode.swift; path = SelectableView.swift; sourceTree = "<group>"; };
		AAFFBDFA203A592000269AB4 /* SelectableGameTableViewCell.swift */ = {isa = PBXFileReference; lastKnownFileType = sourcecode.swift; path = SelectableGameTableViewCell.swift; sourceTree = "<group>"; };
		AAFFBDFC203A6E3B00269AB4 /* ManagePartyTableViewCell.swift */ = {isa = PBXFileReference; lastKnownFileType = sourcecode.swift; path = ManagePartyTableViewCell.swift; sourceTree = "<group>"; };
		AAFFBDFE203A841E00269AB4 /* StartPartyTableViewCell.swift */ = {isa = PBXFileReference; lastKnownFileType = sourcecode.swift; path = StartPartyTableViewCell.swift; sourceTree = "<group>"; };
		AAFFBE00203A8D1F00269AB4 /* JoinPartyTableViewCell.swift */ = {isa = PBXFileReference; lastKnownFileType = sourcecode.swift; path = JoinPartyTableViewCell.swift; sourceTree = "<group>"; };
		D393AE5C1BCD6658F642EBEE /* Pods-Partybox.release.xcconfig */ = {isa = PBXFileReference; includeInIndex = 1; lastKnownFileType = text.xcconfig; name = "Pods-Partybox.release.xcconfig"; path = "Pods/Target Support Files/Pods-Partybox/Pods-Partybox.release.xcconfig"; sourceTree = "<group>"; };
/* End PBXFileReference section */

/* Begin PBXFrameworksBuildPhase section */
		AAE75B401F809FA9001D4E13 /* Frameworks */ = {
			isa = PBXFrameworksBuildPhase;
			buildActionMask = 2147483647;
			files = (
				4DB447EF78B05BE6756A1533 /* Pods_Partybox.framework in Frameworks */,
			);
			runOnlyForDeploymentPostprocessing = 0;
		};
/* End PBXFrameworksBuildPhase section */

/* Begin PBXGroup section */
		61A56B2B26613E634C8C6380 /* Pods */ = {
			isa = PBXGroup;
			children = (
				05CC40299A0BDBF35F2F54B1 /* Pods-Partybox.debug.xcconfig */,
				D393AE5C1BCD6658F642EBEE /* Pods-Partybox.release.xcconfig */,
			);
			name = Pods;
			sourceTree = "<group>";
		};
		AA070DB62064992000367F8A /* Start Party */ = {
			isa = PBXGroup;
			children = (
				AAF73B151FA804EA00D8A17B /* StartPartyView.swift */,
				AAFFBDFE203A841E00269AB4 /* StartPartyTableViewCell.swift */,
			);
			path = "Start Party";
			sourceTree = "<group>";
		};
		AA070DB72064994D00367F8A /* Start Party */ = {
			isa = PBXGroup;
			children = (
				AA0D15301FA582AD009E31BF /* StartPartyViewController.swift */,
			);
			path = "Start Party";
			sourceTree = "<group>";
		};
		AA070DB82064A6FF00367F8A /* Join Party */ = {
			isa = PBXGroup;
			children = (
				AAF73B171FA8077C00D8A17B /* JoinPartyView.swift */,
				AAFFBE00203A8D1F00269AB4 /* JoinPartyTableViewCell.swift */,
			);
			path = "Join Party";
			sourceTree = "<group>";
		};
		AA070DB92064A70E00367F8A /* Join Party */ = {
			isa = PBXGroup;
			children = (
				AA0D15321FA5957F009E31BF /* JoinPartyViewController.swift */,
			);
			path = "Join Party";
			sourceTree = "<group>";
		};
		AA590FFD1FCA6179008988E9 /* Resources */ = {
			isa = PBXGroup;
			children = (
				AAB053A42002E1CF00180209 /* ActivityButton.swift */,
				AAB053B0200D65D000180209 /* Shapes */,
				AAB053A32002E17100180209 /* Table Views */,
				AAF73B101FA6CABB00D8A17B /* Table View Cells */,
			);
			path = Resources;
			sourceTree = "<group>";
		};
		AA62BA7A2061F6D000250772 /* Menu */ = {
			isa = PBXGroup;
			children = (
				AAF73B131FA7FF6700D8A17B /* MenuView.swift */,
			);
			path = Menu;
			sourceTree = "<group>";
		};
		AA62BA7B2061FEC200250772 /* Menu */ = {
			isa = PBXGroup;
			children = (
				AA0D152E1FA571C9009E31BF /* MenuViewController.swift */,
			);
			path = Menu;
			sourceTree = "<group>";
		};
		AAB053A32002E17100180209 /* Table Views */ = {
			isa = PBXGroup;
			children = (
				AACD97531FF4963C000275CB /* VoteWannabeTableView.swift */,
				AAEDA0DC1FF86AB20076B163 /* EndWannabeTableView.swift */,
			);
			path = "Table Views";
			sourceTree = "<group>";
		};
		AAB053B0200D65D000180209 /* Shapes */ = {
			isa = PBXGroup;
			children = (
				AAB053B3200D667A00180209 /* ShapeView.swift */,
				AAB053AC200D5F2400180209 /* SquareView.swift */,
				AAB053AE200D633C00180209 /* TriangleView.swift */,
				AAB053B5200D697B00180209 /* CircleView.swift */,
				AAFFBDF82039326400269AB4 /* SelectableView.swift */,
			);
			path = Shapes;
			sourceTree = "<group>";
		};
		AAB053BC2011A3F300180209 /* Alert */ = {
			isa = PBXGroup;
			children = (
				AADB81411FB40401003AD1D9 /* AlertViewController.swift */,
			);
			path = Alert;
			sourceTree = "<group>";
		};
		AACD97351FE4E7F6000275CB /* Party */ = {
			isa = PBXGroup;
			children = (
				AAF73B191FA809C200D8A17B /* PartyView.swift */,
				AAFFBDE62038B19F00269AB4 /* ChangeHostView.swift */,
				AAFFBDE22038B17100269AB4 /* ManagePartyView.swift */,
				AAFFBDFC203A6E3B00269AB4 /* ManagePartyTableViewCell.swift */,
				AAFFBDDE2038A56600269AB4 /* ChangeGameView.swift */,
			);
			path = Party;
			sourceTree = "<group>";
		};
		AACD97361FE4E801000275CB /* Party */ = {
			isa = PBXGroup;
			children = (
				AAF73B091FA6C57900D8A17B /* PartyViewController.swift */,
				AAFFBDE42038B18F00269AB4 /* ChangeHostViewController.swift */,
				AAFFBDE02038B16000269AB4 /* ManagePartyViewController.swift */,
				AAFFBDDC2038A4C900269AB4 /* ChangeGameViewController.swift */,
			);
			path = Party;
			sourceTree = "<group>";
		};
		AADD9C80205508CE00CA5AC8 /* Alert */ = {
			isa = PBXGroup;
			children = (
				AADD9C81205508DB00CA5AC8 /* Alert.swift */,
			);
			path = Alert;
			sourceTree = "<group>";
		};
		AADD9C8320550E5400CA5AC8 /* Alert */ = {
			isa = PBXGroup;
			children = (
				AADD9C7D2054F33200CA5AC8 /* AlertView.swift */,
			);
			path = Alert;
			sourceTree = "<group>";
		};
		AAE75B3A1F809FA9001D4E13 = {
			isa = PBXGroup;
			children = (
				AAE75B451F809FA9001D4E13 /* Partybox */,
				AAE75B441F809FA9001D4E13 /* Products */,
				61A56B2B26613E634C8C6380 /* Pods */,
				F9634DE61855F2D1DBAD42A8 /* Frameworks */,
			);
			sourceTree = "<group>";
		};
		AAE75B441F809FA9001D4E13 /* Products */ = {
			isa = PBXGroup;
			children = (
				AAE75B431F809FA9001D4E13 /* Partybox.app */,
			);
			name = Products;
			sourceTree = "<group>";
		};
		AAE75B451F809FA9001D4E13 /* Partybox */ = {
			isa = PBXGroup;
			children = (
				AAE75B5C1F80A44C001D4E13 /* Models */,
				AAE75B5B1F80A447001D4E13 /* Views */,
				AAE75B5A1F80A440001D4E13 /* Controllers */,
				AAE75B591F80A432001D4E13 /* Resources */,
			);
			path = Partybox;
			sourceTree = "<group>";
		};
		AAE75B591F80A432001D4E13 /* Resources */ = {
			isa = PBXGroup;
			children = (
				AAE75B461F809FA9001D4E13 /* AppDelegate.swift */,
				AAE75B521F809FA9001D4E13 /* Info.plist */,
				AAE75B621F80AC76001D4E13 /* GoogleService-Info.plist */,
				AAE75B4F1F809FA9001D4E13 /* Launch.storyboard */,
				AAE75B4D1F809FA9001D4E13 /* Assets.xcassets */,
				AAFC53EB1FC22F9E0039F539 /* Extensions */,
			);
			path = Resources;
			sourceTree = "<group>";
		};
		AAE75B5A1F80A440001D4E13 /* Controllers */ = {
			isa = PBXGroup;
			children = (
				AA62BA7B2061FEC200250772 /* Menu */,
				AA070DB72064994D00367F8A /* Start Party */,
				AA070DB92064A70E00367F8A /* Join Party */,
				AACD97361FE4E801000275CB /* Party */,
				AAFFBDC6203008CF00269AB4 /* Wannabe */,
				AAB053BC2011A3F300180209 /* Alert */,
			);
			path = Controllers;
			sourceTree = "<group>";
		};
		AAE75B5B1F80A447001D4E13 /* Views */ = {
			isa = PBXGroup;
			children = (
				AA62BA7A2061F6D000250772 /* Menu */,
				AA070DB62064992000367F8A /* Start Party */,
				AA070DB82064A6FF00367F8A /* Join Party */,
				AACD97351FE4E7F6000275CB /* Party */,
				AAFFBDBB2030089100269AB4 /* Wannabe */,
				AADD9C8320550E5400CA5AC8 /* Alert */,
				AA590FFD1FCA6179008988E9 /* Resources */,
			);
			path = Views;
			sourceTree = "<group>";
		};
		AAE75B5C1F80A44C001D4E13 /* Models */ = {
			isa = PBXGroup;
			children = (
				AAFFBDDB203898A200269AB4 /* User */,
				AAF6D7FF1FDC965900014CA0 /* Party */,
				AAFFBDB1202F583400269AB4 /* Game */,
				AAF6D8001FDC966300014CA0 /* Wannabe */,
				AADD9C80205508CE00CA5AC8 /* Alert */,
				AA0F9C9F205CBE87005EF3EB /* Countdown.swift */,
			);
			path = Models;
			sourceTree = "<group>";
		};
		AAF6D7FF1FDC965900014CA0 /* Party */ = {
			isa = PBXGroup;
			children = (
				AA6706C21F89D9F5000BF5F5 /* Party.swift */,
				AAF6D7FA1FDC955900014CA0 /* PartyDetails.swift */,
				AAF6D8041FDC99DB00014CA0 /* PartyPeople.swift */,
				AAF6D7F61FDC8D4700014CA0 /* PartyPerson.swift */,
			);
			path = Party;
			sourceTree = "<group>";
		};
		AAF6D8001FDC966300014CA0 /* Wannabe */ = {
			isa = PBXGroup;
			children = (
				AA590FF91FC26FBB008988E9 /* Wannabe.swift */,
				AAF6D8061FDCD7E700014CA0 /* WannabeDetails.swift */,
				AACD97231FDF5DDE000275CB /* WannabePeople.swift */,
				AAF6D7F81FDC907600014CA0 /* WannabePerson.swift */,
				AACD97421FE6F782000275CB /* WannabePack.swift */,
				AACD97441FE6F8D1000275CB /* WannabeCard.swift */,
			);
			path = Wannabe;
			sourceTree = "<group>";
		};
		AAF73B101FA6CABB00D8A17B /* Table View Cells */ = {
			isa = PBXGroup;
			children = (
				AAB053B7200EDD4D00180209 /* InviteCodeTableViewCell.swift */,
				AADB81371FB156A4003AD1D9 /* HeaderTableViewCell.swift */,
				AADB81391FB16E00003AD1D9 /* GameTableViewCell.swift */,
				AACD97371FE5D9C9000275CB /* ButtonCollectionTableViewCell.swift */,
				AADB813D1FB2B155003AD1D9 /* ActivityTableViewCell.swift */,
				AADB813B1FB29BD9003AD1D9 /* PersonTableViewCell.swift */,
				AADB813F1FB3E36B003AD1D9 /* ButtonTableViewCell.swift */,
				AADB81331FB14958003AD1D9 /* PromptTableViewCell.swift */,
				AACD97391FE5E0E4000275CB /* GameInstructionsTableViewCell.swift */,
				AACD973F1FE63668000275CB /* GameCountdownTableViewCell.swift */,
				AAFFBDF220392ABE00269AB4 /* SelectablePersonTableViewCell.swift */,
				AAFFBDFA203A592000269AB4 /* SelectableGameTableViewCell.swift */,
			);
			path = "Table View Cells";
			sourceTree = "<group>";
		};
		AAFC53EB1FC22F9E0039F539 /* Extensions */ = {
			isa = PBXGroup;
			children = (
				AAF73B0D1FA6C9E500D8A17B /* UIButton+Extension.swift */,
				AAB053A82002EBBB00180209 /* UIColor+Extension.swift */,
				AADB81351FB15468003AD1D9 /* UIFont+Extension.swift */,
				AAF73B0B1FA6C97900D8A17B /* UIViewController+Extension.swift */,
			);
			path = Extensions;
			sourceTree = "<group>";
		};
		AAFFBDB1202F583400269AB4 /* Game */ = {
			isa = PBXGroup;
			children = (
				AAFFBDB2202F583E00269AB4 /* Game.swift */,
			);
			path = Game;
			sourceTree = "<group>";
		};
		AAFFBDBB2030089100269AB4 /* Wannabe */ = {
			isa = PBXGroup;
			children = (
				AAFFBDBD203008AD00269AB4 /* SetupWannabeView.swift */,
				AAFFBDBE203008AE00269AB4 /* StartWannabeView.swift */,
				AAFFBDBF203008AE00269AB4 /* PlayWannabeView.swift */,
				AAFFBDC0203008AE00269AB4 /* VoteWannabeView.swift */,
				AAFFBDBC203008AD00269AB4 /* EndWannabeView.swift */,
			);
			path = Wannabe;
			sourceTree = "<group>";
		};
		AAFFBDC6203008CF00269AB4 /* Wannabe */ = {
			isa = PBXGroup;
			children = (
				AAFFBDC9203008E500269AB4 /* SetupWannabeViewController.swift */,
				AAFFBDC8203008E400269AB4 /* StartWannabeViewController.swift */,
				AAFFBDC7203008E400269AB4 /* PlayWannabeViewController.swift */,
				AAFFBDCB203008E500269AB4 /* VoteWannabeViewController.swift */,
				AAFFBDCA203008E500269AB4 /* EndWannabeViewController.swift */,
			);
			path = Wannabe;
			sourceTree = "<group>";
		};
		AAFFBDDB203898A200269AB4 /* User */ = {
			isa = PBXGroup;
			children = (
				AAFFBDD92038989D00269AB4 /* User.swift */,
			);
			path = User;
			sourceTree = "<group>";
		};
		F9634DE61855F2D1DBAD42A8 /* Frameworks */ = {
			isa = PBXGroup;
			children = (
				A77681979AF3A60830BDC604 /* Pods_Partybox.framework */,
			);
			name = Frameworks;
			sourceTree = "<group>";
		};
/* End PBXGroup section */

/* Begin PBXNativeTarget section */
		AAE75B421F809FA9001D4E13 /* Partybox */ = {
			isa = PBXNativeTarget;
			buildConfigurationList = AAE75B551F809FA9001D4E13 /* Build configuration list for PBXNativeTarget "Partybox" */;
			buildPhases = (
				BE15D097AB62A468A11E4A96 /* [CP] Check Pods Manifest.lock */,
				AAE75B3F1F809FA9001D4E13 /* Sources */,
				AAE75B401F809FA9001D4E13 /* Frameworks */,
				AAE75B411F809FA9001D4E13 /* Resources */,
				3D6FCF225F7399D3BECCF80A /* [CP] Embed Pods Frameworks */,
				265ABD9250BA1F8E294E1152 /* [CP] Copy Pods Resources */,
			);
			buildRules = (
			);
			dependencies = (
			);
			name = Partybox;
			productName = Partybox;
			productReference = AAE75B431F809FA9001D4E13 /* Partybox.app */;
			productType = "com.apple.product-type.application";
		};
/* End PBXNativeTarget section */

/* Begin PBXProject section */
		AAE75B3B1F809FA9001D4E13 /* Project object */ = {
			isa = PBXProject;
			attributes = {
				LastSwiftUpdateCheck = 0900;
				LastUpgradeCheck = 0920;
				ORGANIZATIONNAME = "Christian Villa";
				TargetAttributes = {
					AAE75B421F809FA9001D4E13 = {
						CreatedOnToolsVersion = 9.0;
						ProvisioningStyle = Automatic;
					};
				};
			};
			buildConfigurationList = AAE75B3E1F809FA9001D4E13 /* Build configuration list for PBXProject "Partybox" */;
			compatibilityVersion = "Xcode 8.0";
			developmentRegion = en;
			hasScannedForEncodings = 0;
			knownRegions = (
				en,
				Base,
			);
			mainGroup = AAE75B3A1F809FA9001D4E13;
			productRefGroup = AAE75B441F809FA9001D4E13 /* Products */;
			projectDirPath = "";
			projectRoot = "";
			targets = (
				AAE75B421F809FA9001D4E13 /* Partybox */,
			);
		};
/* End PBXProject section */

/* Begin PBXResourcesBuildPhase section */
		AAE75B411F809FA9001D4E13 /* Resources */ = {
			isa = PBXResourcesBuildPhase;
			buildActionMask = 2147483647;
			files = (
				AAE75B511F809FA9001D4E13 /* Launch.storyboard in Resources */,
				AAE75B631F80ACCB001D4E13 /* GoogleService-Info.plist in Resources */,
				AAE75B4E1F809FA9001D4E13 /* Assets.xcassets in Resources */,
			);
			runOnlyForDeploymentPostprocessing = 0;
		};
/* End PBXResourcesBuildPhase section */

/* Begin PBXShellScriptBuildPhase section */
		265ABD9250BA1F8E294E1152 /* [CP] Copy Pods Resources */ = {
			isa = PBXShellScriptBuildPhase;
			buildActionMask = 2147483647;
			files = (
			);
			inputPaths = (
			);
			name = "[CP] Copy Pods Resources";
			outputPaths = (
			);
			runOnlyForDeploymentPostprocessing = 0;
			shellPath = /bin/sh;
			shellScript = "\"${SRCROOT}/Pods/Target Support Files/Pods-Partybox/Pods-Partybox-resources.sh\"\n";
			showEnvVarsInLog = 0;
		};
		3D6FCF225F7399D3BECCF80A /* [CP] Embed Pods Frameworks */ = {
			isa = PBXShellScriptBuildPhase;
			buildActionMask = 2147483647;
			files = (
			);
			inputPaths = (
			);
			name = "[CP] Embed Pods Frameworks";
			outputPaths = (
			);
			runOnlyForDeploymentPostprocessing = 0;
			shellPath = /bin/sh;
			shellScript = "\"${SRCROOT}/Pods/Target Support Files/Pods-Partybox/Pods-Partybox-frameworks.sh\"\n";
			showEnvVarsInLog = 0;
		};
		BE15D097AB62A468A11E4A96 /* [CP] Check Pods Manifest.lock */ = {
			isa = PBXShellScriptBuildPhase;
			buildActionMask = 2147483647;
			files = (
			);
			inputPaths = (
			);
			name = "[CP] Check Pods Manifest.lock";
			outputPaths = (
			);
			runOnlyForDeploymentPostprocessing = 0;
			shellPath = /bin/sh;
			shellScript = "diff \"${PODS_ROOT}/../Podfile.lock\" \"${PODS_ROOT}/Manifest.lock\" > /dev/null\nif [ $? != 0 ] ; then\n    # print error to STDERR\n    echo \"error: The sandbox is not in sync with the Podfile.lock. Run 'pod install' or update your CocoaPods installation.\" >&2\n    exit 1\nfi\n";
			showEnvVarsInLog = 0;
		};
/* End PBXShellScriptBuildPhase section */

/* Begin PBXSourcesBuildPhase section */
		AAE75B3F1F809FA9001D4E13 /* Sources */ = {
			isa = PBXSourcesBuildPhase;
			buildActionMask = 2147483647;
			files = (
				AAEDA0DD1FF86AB20076B163 /* EndWannabeTableView.swift in Sources */,
				AAFFBDE72038B19F00269AB4 /* ChangeHostView.swift in Sources */,
				AAF6D7F91FDC907600014CA0 /* WannabePerson.swift in Sources */,
				AAFFBDE52038B18F00269AB4 /* ChangeHostViewController.swift in Sources */,
				AAFFBDF320392ABE00269AB4 /* SelectablePersonTableViewCell.swift in Sources */,
				AAFFBDCE203008E500269AB4 /* SetupWannabeViewController.swift in Sources */,
				AAE75B471F809FA9001D4E13 /* AppDelegate.swift in Sources */,
				AAFFBDFB203A592000269AB4 /* SelectableGameTableViewCell.swift in Sources */,
				AACD97431FE6F782000275CB /* WannabePack.swift in Sources */,
				AA0D15311FA582AD009E31BF /* StartPartyViewController.swift in Sources */,
				AAB053B6200D697B00180209 /* CircleView.swift in Sources */,
				AAFFBDC2203008AE00269AB4 /* SetupWannabeView.swift in Sources */,
				AADB81401FB3E36B003AD1D9 /* ButtonTableViewCell.swift in Sources */,
				AAFFBDDD2038A4C900269AB4 /* ChangeGameViewController.swift in Sources */,
				AAF6D7FB1FDC955900014CA0 /* PartyDetails.swift in Sources */,
				AAB053AF200D633C00180209 /* TriangleView.swift in Sources */,
				AADB813C1FB29BD9003AD1D9 /* PersonTableViewCell.swift in Sources */,
				AAB053A52002E1CF00180209 /* ActivityButton.swift in Sources */,
				AACD97241FDF5DDE000275CB /* WannabePeople.swift in Sources */,
				AAFFBDFD203A6E3B00269AB4 /* ManagePartyTableViewCell.swift in Sources */,
				AAF6D7F71FDC8D4700014CA0 /* PartyPerson.swift in Sources */,
				AACD973A1FE5E0E4000275CB /* GameInstructionsTableViewCell.swift in Sources */,
				AAFFBDCC203008E500269AB4 /* PlayWannabeViewController.swift in Sources */,
				AADD9C82205508DB00CA5AC8 /* Alert.swift in Sources */,
				AADB81361FB15468003AD1D9 /* UIFont+Extension.swift in Sources */,
				AAFFBDC5203008AE00269AB4 /* VoteWannabeView.swift in Sources */,
				AAF73B0E1FA6C9E500D8A17B /* UIButton+Extension.swift in Sources */,
				AACD97381FE5D9C9000275CB /* ButtonCollectionTableViewCell.swift in Sources */,
				AAF73B161FA804EA00D8A17B /* StartPartyView.swift in Sources */,
				AAF73B1A1FA809C200D8A17B /* PartyView.swift in Sources */,
				AAFFBDFF203A841E00269AB4 /* StartPartyTableViewCell.swift in Sources */,
				AAFFBDC3203008AE00269AB4 /* StartWannabeView.swift in Sources */,
				AACD97451FE6F8D1000275CB /* WannabeCard.swift in Sources */,
				AA6706C31F89D9F5000BF5F5 /* Party.swift in Sources */,
				AAB053A92002EBBB00180209 /* UIColor+Extension.swift in Sources */,
				AAFFBDDF2038A56600269AB4 /* ChangeGameView.swift in Sources */,
				AACD97401FE63668000275CB /* GameCountdownTableViewCell.swift in Sources */,
				AAFFBDCD203008E500269AB4 /* StartWannabeViewController.swift in Sources */,
				AAF73B0A1FA6C57900D8A17B /* PartyViewController.swift in Sources */,
				AAFFBDD0203008E500269AB4 /* VoteWannabeViewController.swift in Sources */,
				AAFFBDC1203008AE00269AB4 /* EndWannabeView.swift in Sources */,
				AACD97541FF4963C000275CB /* VoteWannabeTableView.swift in Sources */,
				AAF6D8071FDCD7E700014CA0 /* WannabeDetails.swift in Sources */,
				AAFFBE01203A8D1F00269AB4 /* JoinPartyTableViewCell.swift in Sources */,
				AAF6D8051FDC99DB00014CA0 /* PartyPeople.swift in Sources */,
				AAF73B141FA7FF6800D8A17B /* MenuView.swift in Sources */,
				AAF73B0C1FA6C97900D8A17B /* UIViewController+Extension.swift in Sources */,
				AA0D152F1FA571C9009E31BF /* MenuViewController.swift in Sources */,
				AADB813A1FB16E00003AD1D9 /* GameTableViewCell.swift in Sources */,
				AADB81341FB14958003AD1D9 /* PromptTableViewCell.swift in Sources */,
				AAF73B181FA8077C00D8A17B /* JoinPartyView.swift in Sources */,
				AADB813E1FB2B155003AD1D9 /* ActivityTableViewCell.swift in Sources */,
				AAFFBDE12038B16000269AB4 /* ManagePartyViewController.swift in Sources */,
				AADB81381FB156A4003AD1D9 /* HeaderTableViewCell.swift in Sources */,
				AAFFBDF92039326400269AB4 /* SelectableView.swift in Sources */,
				AADD9C7E2054F33200CA5AC8 /* AlertView.swift in Sources */,
				AAFFBDCF203008E500269AB4 /* EndWannabeViewController.swift in Sources */,
				AADB81421FB40401003AD1D9 /* AlertViewController.swift in Sources */,
				AA590FFA1FC26FBB008988E9 /* Wannabe.swift in Sources */,
				AAB053B4200D667A00180209 /* ShapeView.swift in Sources */,
				AAB053AD200D5F2400180209 /* SquareView.swift in Sources */,
				AAFFBDB6202F583E00269AB4 /* Game.swift in Sources */,
				AA0D15331FA5957F009E31BF /* JoinPartyViewController.swift in Sources */,
				AAFFBDE32038B17100269AB4 /* ManagePartyView.swift in Sources */,
				AAB053B8200EDD4D00180209 /* InviteCodeTableViewCell.swift in Sources */,
				AAFFBDC4203008AE00269AB4 /* PlayWannabeView.swift in Sources */,
				AAFFBDDA2038989D00269AB4 /* User.swift in Sources */,
				AA0F9CA0205CBE87005EF3EB /* Countdown.swift in Sources */,
			);
			runOnlyForDeploymentPostprocessing = 0;
		};
/* End PBXSourcesBuildPhase section */

/* Begin PBXVariantGroup section */
		AAE75B4F1F809FA9001D4E13 /* Launch.storyboard */ = {
			isa = PBXVariantGroup;
			children = (
				AAE75B501F809FA9001D4E13 /* Base */,
			);
			name = Launch.storyboard;
			sourceTree = "<group>";
		};
/* End PBXVariantGroup section */

/* Begin XCBuildConfiguration section */
		AAE75B531F809FA9001D4E13 /* Debug */ = {
			isa = XCBuildConfiguration;
			buildSettings = {
				ALWAYS_SEARCH_USER_PATHS = NO;
				CLANG_ANALYZER_NONNULL = YES;
				CLANG_ANALYZER_NUMBER_OBJECT_CONVERSION = YES_AGGRESSIVE;
				CLANG_CXX_LANGUAGE_STANDARD = "gnu++14";
				CLANG_CXX_LIBRARY = "libc++";
				CLANG_ENABLE_MODULES = YES;
				CLANG_ENABLE_OBJC_ARC = YES;
				CLANG_WARN_BLOCK_CAPTURE_AUTORELEASING = YES;
				CLANG_WARN_BOOL_CONVERSION = YES;
				CLANG_WARN_COMMA = YES;
				CLANG_WARN_CONSTANT_CONVERSION = YES;
				CLANG_WARN_DIRECT_OBJC_ISA_USAGE = YES_ERROR;
				CLANG_WARN_DOCUMENTATION_COMMENTS = YES;
				CLANG_WARN_EMPTY_BODY = YES;
				CLANG_WARN_ENUM_CONVERSION = YES;
				CLANG_WARN_INFINITE_RECURSION = YES;
				CLANG_WARN_INT_CONVERSION = YES;
				CLANG_WARN_NON_LITERAL_NULL_CONVERSION = YES;
				CLANG_WARN_OBJC_LITERAL_CONVERSION = YES;
				CLANG_WARN_OBJC_ROOT_CLASS = YES_ERROR;
				CLANG_WARN_RANGE_LOOP_ANALYSIS = YES;
				CLANG_WARN_STRICT_PROTOTYPES = YES;
				CLANG_WARN_SUSPICIOUS_MOVE = YES;
				CLANG_WARN_UNGUARDED_AVAILABILITY = YES_AGGRESSIVE;
				CLANG_WARN_UNREACHABLE_CODE = YES;
				CLANG_WARN__DUPLICATE_METHOD_MATCH = YES;
				CODE_SIGN_IDENTITY = "iPhone Developer";
				COPY_PHASE_STRIP = NO;
				DEBUG_INFORMATION_FORMAT = dwarf;
				ENABLE_STRICT_OBJC_MSGSEND = YES;
				ENABLE_TESTABILITY = YES;
				GCC_C_LANGUAGE_STANDARD = gnu11;
				GCC_DYNAMIC_NO_PIC = NO;
				GCC_NO_COMMON_BLOCKS = YES;
				GCC_OPTIMIZATION_LEVEL = 0;
				GCC_PREPROCESSOR_DEFINITIONS = (
					"DEBUG=1",
					"$(inherited)",
				);
				GCC_WARN_64_TO_32_BIT_CONVERSION = YES;
				GCC_WARN_ABOUT_RETURN_TYPE = YES_ERROR;
				GCC_WARN_UNDECLARED_SELECTOR = YES;
				GCC_WARN_UNINITIALIZED_AUTOS = YES_AGGRESSIVE;
				GCC_WARN_UNUSED_FUNCTION = YES;
				GCC_WARN_UNUSED_VARIABLE = YES;
				IPHONEOS_DEPLOYMENT_TARGET = 9.0;
				MTL_ENABLE_DEBUG_INFO = YES;
				ONLY_ACTIVE_ARCH = YES;
				SDKROOT = iphoneos;
				SWIFT_ACTIVE_COMPILATION_CONDITIONS = DEBUG;
				SWIFT_OPTIMIZATION_LEVEL = "-Onone";
			};
			name = Debug;
		};
		AAE75B541F809FA9001D4E13 /* Release */ = {
			isa = XCBuildConfiguration;
			buildSettings = {
				ALWAYS_SEARCH_USER_PATHS = NO;
				CLANG_ANALYZER_NONNULL = YES;
				CLANG_ANALYZER_NUMBER_OBJECT_CONVERSION = YES_AGGRESSIVE;
				CLANG_CXX_LANGUAGE_STANDARD = "gnu++14";
				CLANG_CXX_LIBRARY = "libc++";
				CLANG_ENABLE_MODULES = YES;
				CLANG_ENABLE_OBJC_ARC = YES;
				CLANG_WARN_BLOCK_CAPTURE_AUTORELEASING = YES;
				CLANG_WARN_BOOL_CONVERSION = YES;
				CLANG_WARN_COMMA = YES;
				CLANG_WARN_CONSTANT_CONVERSION = YES;
				CLANG_WARN_DIRECT_OBJC_ISA_USAGE = YES_ERROR;
				CLANG_WARN_DOCUMENTATION_COMMENTS = YES;
				CLANG_WARN_EMPTY_BODY = YES;
				CLANG_WARN_ENUM_CONVERSION = YES;
				CLANG_WARN_INFINITE_RECURSION = YES;
				CLANG_WARN_INT_CONVERSION = YES;
				CLANG_WARN_NON_LITERAL_NULL_CONVERSION = YES;
				CLANG_WARN_OBJC_LITERAL_CONVERSION = YES;
				CLANG_WARN_OBJC_ROOT_CLASS = YES_ERROR;
				CLANG_WARN_RANGE_LOOP_ANALYSIS = YES;
				CLANG_WARN_STRICT_PROTOTYPES = YES;
				CLANG_WARN_SUSPICIOUS_MOVE = YES;
				CLANG_WARN_UNGUARDED_AVAILABILITY = YES_AGGRESSIVE;
				CLANG_WARN_UNREACHABLE_CODE = YES;
				CLANG_WARN__DUPLICATE_METHOD_MATCH = YES;
				CODE_SIGN_IDENTITY = "iPhone Developer";
				COPY_PHASE_STRIP = NO;
				DEBUG_INFORMATION_FORMAT = "dwarf-with-dsym";
				ENABLE_NS_ASSERTIONS = NO;
				ENABLE_STRICT_OBJC_MSGSEND = YES;
				GCC_C_LANGUAGE_STANDARD = gnu11;
				GCC_NO_COMMON_BLOCKS = YES;
				GCC_WARN_64_TO_32_BIT_CONVERSION = YES;
				GCC_WARN_ABOUT_RETURN_TYPE = YES_ERROR;
				GCC_WARN_UNDECLARED_SELECTOR = YES;
				GCC_WARN_UNINITIALIZED_AUTOS = YES_AGGRESSIVE;
				GCC_WARN_UNUSED_FUNCTION = YES;
				GCC_WARN_UNUSED_VARIABLE = YES;
				IPHONEOS_DEPLOYMENT_TARGET = 9.0;
				MTL_ENABLE_DEBUG_INFO = NO;
				SDKROOT = iphoneos;
				SWIFT_OPTIMIZATION_LEVEL = "-Owholemodule";
				VALIDATE_PRODUCT = YES;
			};
			name = Release;
		};
		AAE75B561F809FA9001D4E13 /* Debug */ = {
			isa = XCBuildConfiguration;
			baseConfigurationReference = 05CC40299A0BDBF35F2F54B1 /* Pods-Partybox.debug.xcconfig */;
			buildSettings = {
				ALWAYS_EMBED_SWIFT_STANDARD_LIBRARIES = YES;
				ASSETCATALOG_COMPILER_APPICON_NAME = AppIcon;
				"CODE_SIGN_IDENTITY[sdk=iphoneos*]" = "iPhone Developer";
				CODE_SIGN_STYLE = Automatic;
				DEVELOPMENT_TEAM = 52NMKETQZ4;
				INFOPLIST_FILE = "$(SRCROOT)/Partybox/Resources/Info.plist";
				IPHONEOS_DEPLOYMENT_TARGET = 9.0;
				LD_RUNPATH_SEARCH_PATHS = "$(inherited) @executable_path/Frameworks";
				PRODUCT_BUNDLE_IDENTIFIER = com.iamchristianv.Partybox;
				PRODUCT_NAME = "$(TARGET_NAME)";
				PROVISIONING_PROFILE_SPECIFIER = "";
				SWIFT_VERSION = 4.0;
				TARGETED_DEVICE_FAMILY = 1;
			};
			name = Debug;
		};
		AAE75B571F809FA9001D4E13 /* Release */ = {
			isa = XCBuildConfiguration;
			baseConfigurationReference = D393AE5C1BCD6658F642EBEE /* Pods-Partybox.release.xcconfig */;
			buildSettings = {
				ALWAYS_EMBED_SWIFT_STANDARD_LIBRARIES = YES;
				ASSETCATALOG_COMPILER_APPICON_NAME = AppIcon;
				"CODE_SIGN_IDENTITY[sdk=iphoneos*]" = "iPhone Developer";
				CODE_SIGN_STYLE = Automatic;
				DEVELOPMENT_TEAM = 52NMKETQZ4;
				INFOPLIST_FILE = "$(SRCROOT)/Partybox/Resources/Info.plist";
				IPHONEOS_DEPLOYMENT_TARGET = 9.0;
				LD_RUNPATH_SEARCH_PATHS = "$(inherited) @executable_path/Frameworks";
				PRODUCT_BUNDLE_IDENTIFIER = com.iamchristianv.Partybox;
				PRODUCT_NAME = "$(TARGET_NAME)";
				PROVISIONING_PROFILE_SPECIFIER = "";
				SWIFT_VERSION = 4.0;
				TARGETED_DEVICE_FAMILY = 1;
			};
			name = Release;
		};
/* End XCBuildConfiguration section */

/* Begin XCConfigurationList section */
		AAE75B3E1F809FA9001D4E13 /* Build configuration list for PBXProject "Partybox" */ = {
			isa = XCConfigurationList;
			buildConfigurations = (
				AAE75B531F809FA9001D4E13 /* Debug */,
				AAE75B541F809FA9001D4E13 /* Release */,
			);
			defaultConfigurationIsVisible = 0;
			defaultConfigurationName = Release;
		};
		AAE75B551F809FA9001D4E13 /* Build configuration list for PBXNativeTarget "Partybox" */ = {
			isa = XCConfigurationList;
			buildConfigurations = (
				AAE75B561F809FA9001D4E13 /* Debug */,
				AAE75B571F809FA9001D4E13 /* Release */,
			);
			defaultConfigurationIsVisible = 0;
			defaultConfigurationName = Release;
		};
/* End XCConfigurationList section */
	};
	rootObject = AAE75B3B1F809FA9001D4E13 /* Project object */;
}
